// !$*UTF8*$!
{
	archiveVersion = 1;
	classes = {
	};
	objectVersion = 51;
	objects = {

/* Begin PBXBuildFile section */
		778A145393E435754AB23DA7 /* Pods_MovieousDemo.framework in Frameworks */ = {isa = PBXBuildFile; fileRef = 6BFF139F2D609BAF5927852D /* Pods_MovieousDemo.framework */; };
		830A6E3A22BCDCC80002FB5A /* MDVideoEditorViewController.swift in Sources */ = {isa = PBXBuildFile; fileRef = 830A6E3922BCDCC80002FB5A /* MDVideoEditorViewController.swift */; };
		830A6E3C22BD0B670002FB5A /* MDGlobalConfig.swift in Sources */ = {isa = PBXBuildFile; fileRef = 830A6E3B22BD0B670002FB5A /* MDGlobalConfig.swift */; };
		8319E0B822D578FD00BA0809 /* MDBeautyFilterViewController.swift in Sources */ = {isa = PBXBuildFile; fileRef = 8319E0B722D578FD00BA0809 /* MDBeautyFilterViewController.swift */; };
		83359D5D22E6C62900E28254 /* MDCreationViewController.swift in Sources */ = {isa = PBXBuildFile; fileRef = 83359D5C22E6C62900E28254 /* MDCreationViewController.swift */; };
		833805B922CF611400C1AB48 /* MDMusicLibrary.swift in Sources */ = {isa = PBXBuildFile; fileRef = 833805B822CF611400C1AB48 /* MDMusicLibrary.swift */; };
		833867FE22C3D171006656D9 /* MDEditorMusicViewController.swift in Sources */ = {isa = PBXBuildFile; fileRef = 833867FD22C3D171006656D9 /* MDEditorMusicViewController.swift */; };
		8338680622C3D1E1006656D9 /* MDStickerViewController.swift in Sources */ = {isa = PBXBuildFile; fileRef = 8338680522C3D1E1006656D9 /* MDStickerViewController.swift */; };
		8338680822C3D1FD006656D9 /* MDVideoGraffitiViewController.swift in Sources */ = {isa = PBXBuildFile; fileRef = 8338680722C3D1FD006656D9 /* MDVideoGraffitiViewController.swift */; };
		8338680A22C3D25A006656D9 /* MDCoverViewController.swift in Sources */ = {isa = PBXBuildFile; fileRef = 8338680922C3D25A006656D9 /* MDCoverViewController.swift */; };
		8338680C22C3D26C006656D9 /* MDTrimViewController.swift in Sources */ = {isa = PBXBuildFile; fileRef = 8338680B22C3D26C006656D9 /* MDTrimViewController.swift */; };
		8338680E22C3D27D006656D9 /* MDSpecialEffectViewController.swift in Sources */ = {isa = PBXBuildFile; fileRef = 8338680D22C3D27D006656D9 /* MDSpecialEffectViewController.swift */; };
		83445DE1225CD51E00A635F2 /* AppDelegate.swift in Sources */ = {isa = PBXBuildFile; fileRef = 83445DE0225CD51E00A635F2 /* AppDelegate.swift */; };
		83445DE3225CD51E00A635F2 /* MDAudienceViewController.swift in Sources */ = {isa = PBXBuildFile; fileRef = 83445DE2225CD51E00A635F2 /* MDAudienceViewController.swift */; };
		83445DEB225CD51F00A635F2 /* LaunchScreen.storyboard in Resources */ = {isa = PBXBuildFile; fileRef = 83445DE9225CD51F00A635F2 /* LaunchScreen.storyboard */; };
		83446DEB225CE74C00A635F2 /* MDRecorderViewController.swift in Sources */ = {isa = PBXBuildFile; fileRef = 83446DEA225CE74C00A635F2 /* MDRecorderViewController.swift */; };
		83446DEE225CF80300A635F2 /* MDUtils.swift in Sources */ = {isa = PBXBuildFile; fileRef = 83446DED225CF80300A635F2 /* MDUtils.swift */; };
		83446DF0225D06AF00A635F2 /* MDRecorderMusicViewController.swift in Sources */ = {isa = PBXBuildFile; fileRef = 83446DEF225D06AF00A635F2 /* MDRecorderMusicViewController.swift */; };
		83446DF5225D0BBC00A635F2 /* MDAVPlayerView.swift in Sources */ = {isa = PBXBuildFile; fileRef = 83446DF4225D0BBC00A635F2 /* MDAVPlayerView.swift */; };
		83477A20231937AC0084A5FB /* MDEditorViewController.swift in Sources */ = {isa = PBXBuildFile; fileRef = 83477A1F231937AC0084A5FB /* MDEditorViewController.swift */; };
		8349D24422BDD45D0063C62E /* MDHorizontalPageFlowlayout.swift in Sources */ = {isa = PBXBuildFile; fileRef = 8349D24322BDD45D0063C62E /* MDHorizontalPageFlowlayout.swift */; };
		835661CB22D0D7770046DA6F /* MDStickerLibrary.swift in Sources */ = {isa = PBXBuildFile; fileRef = 835661C422D0D7770046DA6F /* MDStickerLibrary.swift */; };
		8358448B22E5A6C20009AEA0 /* MDAudioTrimView.swift in Sources */ = {isa = PBXBuildFile; fileRef = 8358448A22E5A6C20009AEA0 /* MDAudioTrimView.swift */; };
		83611FDF239555CF00DFD342 /* MDInnerBeautyFilterView.swift in Sources */ = {isa = PBXBuildFile; fileRef = 83611FDE239555CF00DFD342 /* MDInnerBeautyFilterView.swift */; };
		83611FE1239556AC00DFD342 /* Filters.bundle in Resources */ = {isa = PBXBuildFile; fileRef = 83611FE0239556AC00DFD342 /* Filters.bundle */; };
		83611FE3239556B100DFD342 /* filter_template.jpg in Resources */ = {isa = PBXBuildFile; fileRef = 83611FE2239556B100DFD342 /* filter_template.jpg */; };
		83669A9E23169A7E00B1A38D /* MDWordViewController.swift in Sources */ = {isa = PBXBuildFile; fileRef = 83E924A12302F7ED00034EC2 /* MDWordViewController.swift */; };
		83677E6A23E69CBB00433BD1 /* MHMeiyanMenusView.m in Sources */ = {isa = PBXBuildFile; fileRef = 83677E3A23E69CBB00433BD1 /* MHMeiyanMenusView.m */; };
		83677E6B23E69CBB00433BD1 /* MHQuickBeautyParams.plist in Resources */ = {isa = PBXBuildFile; fileRef = 83677E3C23E69CBB00433BD1 /* MHQuickBeautyParams.plist */; };
		83677E6C23E69CBB00433BD1 /* StickerManager.m in Sources */ = {isa = PBXBuildFile; fileRef = 83677E3F23E69CBB00433BD1 /* StickerManager.m */; };
		83677E6D23E69CBB00433BD1 /* MHBeautiesModel.m in Sources */ = {isa = PBXBuildFile; fileRef = 83677E4123E69CBB00433BD1 /* MHBeautiesModel.m */; };
		83677E6E23E69CBB00433BD1 /* StickerDataListModel.m in Sources */ = {isa = PBXBuildFile; fileRef = 83677E4223E69CBB00433BD1 /* StickerDataListModel.m */; };
		83677E6F23E69CBB00433BD1 /* MHPrintView.m in Sources */ = {isa = PBXBuildFile; fileRef = 83677E4623E69CBB00433BD1 /* MHPrintView.m */; };
		83677E7023E69CBB00433BD1 /* MHBeautyMenuCell.m in Sources */ = {isa = PBXBuildFile; fileRef = 83677E4723E69CBB00433BD1 /* MHBeautyMenuCell.m */; };
		83677E7123E69CBB00433BD1 /* MHBeautyView.m in Sources */ = {isa = PBXBuildFile; fileRef = 83677E4A23E69CBB00433BD1 /* MHBeautyView.m */; };
		83677E7223E69CBB00433BD1 /* UIView+Additions.m in Sources */ = {isa = PBXBuildFile; fileRef = 83677E4D23E69CBB00433BD1 /* UIView+Additions.m */; };
		83677E7323E69CBB00433BD1 /* MHSpecificEffectView.m in Sources */ = {isa = PBXBuildFile; fileRef = 83677E4E23E69CBB00433BD1 /* MHSpecificEffectView.m */; };
		83677E7423E69CBB00433BD1 /* MHMagnifiedView.m in Sources */ = {isa = PBXBuildFile; fileRef = 83677E4F23E69CBB00433BD1 /* MHMagnifiedView.m */; };
		83677E7523E69CBB00433BD1 /* MHSectionStickersView.m in Sources */ = {isa = PBXBuildFile; fileRef = 83677E5023E69CBB00433BD1 /* MHSectionStickersView.m */; };
		83677E7623E69CBB00433BD1 /* MHStickerCell.m in Sources */ = {isa = PBXBuildFile; fileRef = 83677E5123E69CBB00433BD1 /* MHStickerCell.m */; };
		83677E7723E69CBB00433BD1 /* MHBeautyAssembleView.m in Sources */ = {isa = PBXBuildFile; fileRef = 83677E5323E69CBB00433BD1 /* MHBeautyAssembleView.m */; };
		83677E7823E69CBB00433BD1 /* MHMagnifiedEffectCell.m in Sources */ = {isa = PBXBuildFile; fileRef = 83677E5A23E69CBB00433BD1 /* MHMagnifiedEffectCell.m */; };
		83677E7923E69CBB00433BD1 /* MHBeautySlider.m in Sources */ = {isa = PBXBuildFile; fileRef = 83677E5C23E69CBB00433BD1 /* MHBeautySlider.m */; };
		83677E7A23E69CBB00433BD1 /* MHCompleteBeautyView.m in Sources */ = {isa = PBXBuildFile; fileRef = 83677E5D23E69CBB00433BD1 /* MHCompleteBeautyView.m */; };
		83677E7B23E69CBB00433BD1 /* MHFiltersView.m in Sources */ = {isa = PBXBuildFile; fileRef = 83677E6223E69CBB00433BD1 /* MHFiltersView.m */; };
		83677E7C23E69CBB00433BD1 /* MHStickersView.m in Sources */ = {isa = PBXBuildFile; fileRef = 83677E6323E69CBB00433BD1 /* MHStickersView.m */; };
		83677E7D23E69CBB00433BD1 /* MHSpecificAssembleView.m in Sources */ = {isa = PBXBuildFile; fileRef = 83677E6423E69CBB00433BD1 /* MHSpecificAssembleView.m */; };
		83677E7E23E69CBB00433BD1 /* MHBeautyFaceView.m in Sources */ = {isa = PBXBuildFile; fileRef = 83677E6523E69CBB00433BD1 /* MHBeautyFaceView.m */; };
		83677E7F23E69CBB00433BD1 /* WNSegmentItem.m in Sources */ = {isa = PBXBuildFile; fileRef = 83677E6623E69CBB00433BD1 /* WNSegmentItem.m */; };
		83677E8023E69CBB00433BD1 /* WNSegmentControl.m in Sources */ = {isa = PBXBuildFile; fileRef = 83677E6923E69CBB00433BD1 /* WNSegmentControl.m */; };
		83677E9123E69D5C00433BD1 /* MHBeautySDK.framework in Frameworks */ = {isa = PBXBuildFile; fileRef = 83677E8223E69D5C00433BD1 /* MHBeautySDK.framework */; };
		83677E9223E69D5C00433BD1 /* server.cer in Resources */ = {isa = PBXBuildFile; fileRef = 83677E8323E69D5C00433BD1 /* server.cer */; };
		83677E9323E69D5C00433BD1 /* print_cancel@2x.png in Resources */ = {isa = PBXBuildFile; fileRef = 83677E8523E69D5C00433BD1 /* print_cancel@2x.png */; };
		83677E9423E69D5C00433BD1 /* top_right@2x.png in Resources */ = {isa = PBXBuildFile; fileRef = 83677E8623E69D5C00433BD1 /* top_right@2x.png */; };
		83677E9523E69D5C00433BD1 /* top_right_selected.png in Resources */ = {isa = PBXBuildFile; fileRef = 83677E8723E69D5C00433BD1 /* top_right_selected.png */; };
		83677E9623E69D5C00433BD1 /* bottom_right@2x.png in Resources */ = {isa = PBXBuildFile; fileRef = 83677E8823E69D5C00433BD1 /* bottom_right@2x.png */; };
		83677E9723E69D5C00433BD1 /* top_left@2x.png in Resources */ = {isa = PBXBuildFile; fileRef = 83677E8923E69D5C00433BD1 /* top_left@2x.png */; };
		83677E9823E69D5C00433BD1 /* bottom_left_selected.png in Resources */ = {isa = PBXBuildFile; fileRef = 83677E8A23E69D5C00433BD1 /* bottom_left_selected.png */; };
		83677E9923E69D5C00433BD1 /* WatermarkImages.plist in Resources */ = {isa = PBXBuildFile; fileRef = 83677E8B23E69D5C00433BD1 /* WatermarkImages.plist */; };
		83677E9A23E69D5C00433BD1 /* bottom_right_selected.png in Resources */ = {isa = PBXBuildFile; fileRef = 83677E8C23E69D5C00433BD1 /* bottom_right_selected.png */; };
		83677E9B23E69D5C00433BD1 /* top_left_selected.png in Resources */ = {isa = PBXBuildFile; fileRef = 83677E8D23E69D5C00433BD1 /* top_left_selected.png */; };
		83677E9C23E69D5C00433BD1 /* bottom_left@2x.png in Resources */ = {isa = PBXBuildFile; fileRef = 83677E8E23E69D5C00433BD1 /* bottom_left@2x.png */; };
		83677E9D23E69D5C00433BD1 /* MHSDK.bundle in Resources */ = {isa = PBXBuildFile; fileRef = 83677E8F23E69D5C00433BD1 /* MHSDK.bundle */; };
		83677E9F23E69DA800433BD1 /* tracking.framework in Frameworks */ = {isa = PBXBuildFile; fileRef = 83677E9023E69D5C00433BD1 /* tracking.framework */; };
		83677EA023E69DA800433BD1 /* tracking.framework in Embed Frameworks */ = {isa = PBXBuildFile; fileRef = 83677E9023E69D5C00433BD1 /* tracking.framework */; settings = {ATTRIBUTES = (CodeSignOnCopy, RemoveHeadersOnCopy, ); }; };
		836DFC1122E8504400D43863 /* MDThumbnailBar.swift in Sources */ = {isa = PBXBuildFile; fileRef = 836DFC1022E8504400D43863 /* MDThumbnailBar.swift */; };
		836FE5FD22C367320033A073 /* MDVolumeViewController.swift in Sources */ = {isa = PBXBuildFile; fileRef = 836FE5FC22C367320033A073 /* MDVolumeViewController.swift */; };
		836FE60522C3B2060033A073 /* MDUIComponents.swift in Sources */ = {isa = PBXBuildFile; fileRef = 836FE60422C3B2060033A073 /* MDUIComponents.swift */; };
		8377D94C234D798E00DD2DBF /* MovieousDemoTests.swift in Sources */ = {isa = PBXBuildFile; fileRef = 8377D94B234D798E00DD2DBF /* MovieousDemoTests.swift */; };
		838A373422D5F70300CB8BF7 /* libsqlite3.tbd in Frameworks */ = {isa = PBXBuildFile; fileRef = 838A373322D5F70300CB8BF7 /* libsqlite3.tbd */; };
		839047AA230FC6E6003B40E1 /* MDExporterViewController.swift in Sources */ = {isa = PBXBuildFile; fileRef = 839047A9230FC6E6003B40E1 /* MDExporterViewController.swift */; };
		8397C07D22E7060900B46CD2 /* MDShotConfigViewController.swift in Sources */ = {isa = PBXBuildFile; fileRef = 8397C07C22E7060900B46CD2 /* MDShotConfigViewController.swift */; };
		83A817CF22B5AE3C003E4631 /* Localizable.strings in Resources */ = {isa = PBXBuildFile; fileRef = 83A817CD22B5AE3C003E4631 /* Localizable.strings */; };
		83A8183622B9E9AD003E4631 /* Assets.xcassets in Resources */ = {isa = PBXBuildFile; fileRef = 83A8183522B9E9AD003E4631 /* Assets.xcassets */; };
		83A8184422BB463D003E4631 /* MDProgressBar.swift in Sources */ = {isa = PBXBuildFile; fileRef = 83A8184322BB463D003E4631 /* MDProgressBar.swift */; };
		83B3F38622D1C75B005A76B5 /* MDFrameView.swift in Sources */ = {isa = PBXBuildFile; fileRef = 83B3F38522D1C75B005A76B5 /* MDFrameView.swift */; };
		83B6C11D23113C8E00510BE8 /* MDImageEditorViewController.swift in Sources */ = {isa = PBXBuildFile; fileRef = 83B6C11C23113C8E00510BE8 /* MDImageEditorViewController.swift */; };
		83B6C125231142EC00510BE8 /* MDEditorToolboxViewController.swift in Sources */ = {isa = PBXBuildFile; fileRef = 83B6C124231142EC00510BE8 /* MDEditorToolboxViewController.swift */; };
		83DAAFD622F92B6C0098041B /* MDSpeedEffect.swift in Sources */ = {isa = PBXBuildFile; fileRef = 83DAAFD522F92B6C0098041B /* MDSpeedEffect.swift */; };
		83DAAFDE22F92D790098041B /* MDRepeateEffect.swift in Sources */ = {isa = PBXBuildFile; fileRef = 83DAAFDD22F92D790098041B /* MDRepeateEffect.swift */; };
		83EE751523E55CD2000E4F1D /* MDFilter.swift in Sources */ = {isa = PBXBuildFile; fileRef = 83EE751423E55CD2000E4F1D /* MDFilter.swift */; };
		83FDF66F2338627100A9BC9A /* MDImageGraffitiViewController.swift in Sources */ = {isa = PBXBuildFile; fileRef = 83FDF66E2338627100A9BC9A /* MDImageGraffitiViewController.swift */; };
		F991A18BFB8AA3F7D2D121BA /* Pods_MovieousDemoTests.framework in Frameworks */ = {isa = PBXBuildFile; fileRef = 0412DE0A8E0804D65F578E71 /* Pods_MovieousDemoTests.framework */; };
/* End PBXBuildFile section */

/* Begin PBXContainerItemProxy section */
		8377D94E234D798E00DD2DBF /* PBXContainerItemProxy */ = {
			isa = PBXContainerItemProxy;
			containerPortal = 83445DD5225CD51E00A635F2 /* Project object */;
			proxyType = 1;
			remoteGlobalIDString = 83445DDC225CD51E00A635F2;
			remoteInfo = MovieousDemo;
		};
/* End PBXContainerItemProxy section */

/* Begin PBXCopyFilesBuildPhase section */
		83677E3523E5B1D000433BD1 /* Embed Frameworks */ = {
			isa = PBXCopyFilesBuildPhase;
			buildActionMask = 2147483647;
			dstPath = "";
			dstSubfolderSpec = 10;
			files = (
				83677EA023E69DA800433BD1 /* tracking.framework in Embed Frameworks */,
			);
			name = "Embed Frameworks";
			runOnlyForDeploymentPostprocessing = 0;
		};
/* End PBXCopyFilesBuildPhase section */

/* Begin PBXFileReference section */
		0412DE0A8E0804D65F578E71 /* Pods_MovieousDemoTests.framework */ = {isa = PBXFileReference; explicitFileType = wrapper.framework; includeInIndex = 0; path = Pods_MovieousDemoTests.framework; sourceTree = BUILT_PRODUCTS_DIR; };
		6BFF139F2D609BAF5927852D /* Pods_MovieousDemo.framework */ = {isa = PBXFileReference; explicitFileType = wrapper.framework; includeInIndex = 0; path = Pods_MovieousDemo.framework; sourceTree = BUILT_PRODUCTS_DIR; };
		6FED65F32E13375C13ED53AA /* Pods-MovieousDemoTests.debug.xcconfig */ = {isa = PBXFileReference; includeInIndex = 1; lastKnownFileType = text.xcconfig; name = "Pods-MovieousDemoTests.debug.xcconfig"; path = "Target Support Files/Pods-MovieousDemoTests/Pods-MovieousDemoTests.debug.xcconfig"; sourceTree = "<group>"; };
		7E640932A10819AB7C18AA10 /* Pods-MovieousDemoTests.release.xcconfig */ = {isa = PBXFileReference; includeInIndex = 1; lastKnownFileType = text.xcconfig; name = "Pods-MovieousDemoTests.release.xcconfig"; path = "Target Support Files/Pods-MovieousDemoTests/Pods-MovieousDemoTests.release.xcconfig"; sourceTree = "<group>"; };
		830A6E3922BCDCC80002FB5A /* MDVideoEditorViewController.swift */ = {isa = PBXFileReference; lastKnownFileType = sourcecode.swift; path = MDVideoEditorViewController.swift; sourceTree = "<group>"; };
		830A6E3B22BD0B670002FB5A /* MDGlobalConfig.swift */ = {isa = PBXFileReference; lastKnownFileType = sourcecode.swift; path = MDGlobalConfig.swift; sourceTree = "<group>"; };
		8319E0B722D578FD00BA0809 /* MDBeautyFilterViewController.swift */ = {isa = PBXFileReference; lastKnownFileType = sourcecode.swift; path = MDBeautyFilterViewController.swift; sourceTree = "<group>"; };
		83359D5C22E6C62900E28254 /* MDCreationViewController.swift */ = {isa = PBXFileReference; lastKnownFileType = sourcecode.swift; path = MDCreationViewController.swift; sourceTree = "<group>"; };
		833805B822CF611400C1AB48 /* MDMusicLibrary.swift */ = {isa = PBXFileReference; lastKnownFileType = sourcecode.swift; path = MDMusicLibrary.swift; sourceTree = "<group>"; };
		833867FD22C3D171006656D9 /* MDEditorMusicViewController.swift */ = {isa = PBXFileReference; lastKnownFileType = sourcecode.swift; path = MDEditorMusicViewController.swift; sourceTree = "<group>"; };
		8338680522C3D1E1006656D9 /* MDStickerViewController.swift */ = {isa = PBXFileReference; lastKnownFileType = sourcecode.swift; path = MDStickerViewController.swift; sourceTree = "<group>"; };
		8338680722C3D1FD006656D9 /* MDVideoGraffitiViewController.swift */ = {isa = PBXFileReference; lastKnownFileType = sourcecode.swift; path = MDVideoGraffitiViewController.swift; sourceTree = "<group>"; };
		8338680922C3D25A006656D9 /* MDCoverViewController.swift */ = {isa = PBXFileReference; lastKnownFileType = sourcecode.swift; path = MDCoverViewController.swift; sourceTree = "<group>"; };
		8338680B22C3D26C006656D9 /* MDTrimViewController.swift */ = {isa = PBXFileReference; lastKnownFileType = sourcecode.swift; path = MDTrimViewController.swift; sourceTree = "<group>"; };
		8338680D22C3D27D006656D9 /* MDSpecialEffectViewController.swift */ = {isa = PBXFileReference; lastKnownFileType = sourcecode.swift; path = MDSpecialEffectViewController.swift; sourceTree = "<group>"; };
		83445DDD225CD51E00A635F2 /* MovieousDemo.app */ = {isa = PBXFileReference; explicitFileType = wrapper.application; includeInIndex = 0; path = MovieousDemo.app; sourceTree = BUILT_PRODUCTS_DIR; };
		83445DE0225CD51E00A635F2 /* AppDelegate.swift */ = {isa = PBXFileReference; lastKnownFileType = sourcecode.swift; path = AppDelegate.swift; sourceTree = "<group>"; };
		83445DE2225CD51E00A635F2 /* MDAudienceViewController.swift */ = {isa = PBXFileReference; lastKnownFileType = sourcecode.swift; path = MDAudienceViewController.swift; sourceTree = "<group>"; };
		83445DEA225CD51F00A635F2 /* Base */ = {isa = PBXFileReference; lastKnownFileType = file.storyboard; name = Base; path = Base.lproj/LaunchScreen.storyboard; sourceTree = "<group>"; };
		834468A1225CD6ED00A635F2 /* MovieousDemo-Bridging-Header.h */ = {isa = PBXFileReference; lastKnownFileType = sourcecode.c.h; path = "MovieousDemo-Bridging-Header.h"; sourceTree = "<group>"; };
		83446DEA225CE74C00A635F2 /* MDRecorderViewController.swift */ = {isa = PBXFileReference; lastKnownFileType = sourcecode.swift; path = MDRecorderViewController.swift; sourceTree = "<group>"; };
		83446DED225CF80300A635F2 /* MDUtils.swift */ = {isa = PBXFileReference; lastKnownFileType = sourcecode.swift; path = MDUtils.swift; sourceTree = "<group>"; };
		83446DEF225D06AF00A635F2 /* MDRecorderMusicViewController.swift */ = {isa = PBXFileReference; lastKnownFileType = sourcecode.swift; path = MDRecorderMusicViewController.swift; sourceTree = "<group>"; };
		83446DF4225D0BBC00A635F2 /* MDAVPlayerView.swift */ = {isa = PBXFileReference; lastKnownFileType = sourcecode.swift; path = MDAVPlayerView.swift; sourceTree = "<group>"; };
		83477A1F231937AC0084A5FB /* MDEditorViewController.swift */ = {isa = PBXFileReference; lastKnownFileType = sourcecode.swift; path = MDEditorViewController.swift; sourceTree = "<group>"; };
		8349D24322BDD45D0063C62E /* MDHorizontalPageFlowlayout.swift */ = {isa = PBXFileReference; lastKnownFileType = sourcecode.swift; path = MDHorizontalPageFlowlayout.swift; sourceTree = "<group>"; };
		835661C422D0D7770046DA6F /* MDStickerLibrary.swift */ = {isa = PBXFileReference; fileEncoding = 4; lastKnownFileType = sourcecode.swift; path = MDStickerLibrary.swift; sourceTree = "<group>"; };
		8358448A22E5A6C20009AEA0 /* MDAudioTrimView.swift */ = {isa = PBXFileReference; lastKnownFileType = sourcecode.swift; path = MDAudioTrimView.swift; sourceTree = "<group>"; };
		83611FDE239555CF00DFD342 /* MDInnerBeautyFilterView.swift */ = {isa = PBXFileReference; fileEncoding = 4; lastKnownFileType = sourcecode.swift; path = MDInnerBeautyFilterView.swift; sourceTree = "<group>"; };
		83611FE0239556AC00DFD342 /* Filters.bundle */ = {isa = PBXFileReference; lastKnownFileType = "wrapper.plug-in"; path = Filters.bundle; sourceTree = "<group>"; };
		83611FE2239556B100DFD342 /* filter_template.jpg */ = {isa = PBXFileReference; lastKnownFileType = image.jpeg; path = filter_template.jpg; sourceTree = "<group>"; };
		83677E3A23E69CBB00433BD1 /* MHMeiyanMenusView.m */ = {isa = PBXFileReference; fileEncoding = 4; lastKnownFileType = sourcecode.c.objc; path = MHMeiyanMenusView.m; sourceTree = "<group>"; };
		83677E3C23E69CBB00433BD1 /* MHQuickBeautyParams.plist */ = {isa = PBXFileReference; fileEncoding = 4; lastKnownFileType = text.plist.xml; path = MHQuickBeautyParams.plist; sourceTree = "<group>"; };
		83677E3D23E69CBB00433BD1 /* MHBeautiesModel.h */ = {isa = PBXFileReference; fileEncoding = 4; lastKnownFileType = sourcecode.c.h; path = MHBeautiesModel.h; sourceTree = "<group>"; };
		83677E3E23E69CBB00433BD1 /* StickerDataListModel.h */ = {isa = PBXFileReference; fileEncoding = 4; lastKnownFileType = sourcecode.c.h; path = StickerDataListModel.h; sourceTree = "<group>"; };
		83677E3F23E69CBB00433BD1 /* StickerManager.m */ = {isa = PBXFileReference; fileEncoding = 4; lastKnownFileType = sourcecode.c.objc; path = StickerManager.m; sourceTree = "<group>"; };
		83677E4023E69CBB00433BD1 /* MHBeautyParams.h */ = {isa = PBXFileReference; fileEncoding = 4; lastKnownFileType = sourcecode.c.h; path = MHBeautyParams.h; sourceTree = "<group>"; };
		83677E4123E69CBB00433BD1 /* MHBeautiesModel.m */ = {isa = PBXFileReference; fileEncoding = 4; lastKnownFileType = sourcecode.c.objc; path = MHBeautiesModel.m; sourceTree = "<group>"; };
		83677E4223E69CBB00433BD1 /* StickerDataListModel.m */ = {isa = PBXFileReference; fileEncoding = 4; lastKnownFileType = sourcecode.c.objc; path = StickerDataListModel.m; sourceTree = "<group>"; };
		83677E4323E69CBB00433BD1 /* StickerManager.h */ = {isa = PBXFileReference; fileEncoding = 4; lastKnownFileType = sourcecode.c.h; path = StickerManager.h; sourceTree = "<group>"; };
		83677E4423E69CBB00433BD1 /* MHMeiyanMenusView.h */ = {isa = PBXFileReference; fileEncoding = 4; lastKnownFileType = sourcecode.c.h; path = MHMeiyanMenusView.h; sourceTree = "<group>"; };
		83677E4623E69CBB00433BD1 /* MHPrintView.m */ = {isa = PBXFileReference; fileEncoding = 4; lastKnownFileType = sourcecode.c.objc; path = MHPrintView.m; sourceTree = "<group>"; };
		83677E4723E69CBB00433BD1 /* MHBeautyMenuCell.m */ = {isa = PBXFileReference; fileEncoding = 4; lastKnownFileType = sourcecode.c.objc; path = MHBeautyMenuCell.m; sourceTree = "<group>"; };
		83677E4823E69CBB00433BD1 /* MHCompleteBeautyView.h */ = {isa = PBXFileReference; fileEncoding = 4; lastKnownFileType = sourcecode.c.h; path = MHCompleteBeautyView.h; sourceTree = "<group>"; };
		83677E4923E69CBB00433BD1 /* MHBeautySlider.h */ = {isa = PBXFileReference; fileEncoding = 4; lastKnownFileType = sourcecode.c.h; path = MHBeautySlider.h; sourceTree = "<group>"; };
		83677E4A23E69CBB00433BD1 /* MHBeautyView.m */ = {isa = PBXFileReference; fileEncoding = 4; lastKnownFileType = sourcecode.c.objc; path = MHBeautyView.m; sourceTree = "<group>"; };
		83677E4B23E69CBB00433BD1 /* MHMagnifiedEffectCell.h */ = {isa = PBXFileReference; fileEncoding = 4; lastKnownFileType = sourcecode.c.h; path = MHMagnifiedEffectCell.h; sourceTree = "<group>"; };
		83677E4C23E69CBB00433BD1 /* MHFiltersView.h */ = {isa = PBXFileReference; fileEncoding = 4; lastKnownFileType = sourcecode.c.h; path = MHFiltersView.h; sourceTree = "<group>"; };
		83677E4D23E69CBB00433BD1 /* UIView+Additions.m */ = {isa = PBXFileReference; fileEncoding = 4; lastKnownFileType = sourcecode.c.objc; path = "UIView+Additions.m"; sourceTree = "<group>"; };
		83677E4E23E69CBB00433BD1 /* MHSpecificEffectView.m */ = {isa = PBXFileReference; fileEncoding = 4; lastKnownFileType = sourcecode.c.objc; path = MHSpecificEffectView.m; sourceTree = "<group>"; };
		83677E4F23E69CBB00433BD1 /* MHMagnifiedView.m */ = {isa = PBXFileReference; fileEncoding = 4; lastKnownFileType = sourcecode.c.objc; path = MHMagnifiedView.m; sourceTree = "<group>"; };
		83677E5023E69CBB00433BD1 /* MHSectionStickersView.m */ = {isa = PBXFileReference; fileEncoding = 4; lastKnownFileType = sourcecode.c.objc; path = MHSectionStickersView.m; sourceTree = "<group>"; };
		83677E5123E69CBB00433BD1 /* MHStickerCell.m */ = {isa = PBXFileReference; fileEncoding = 4; lastKnownFileType = sourcecode.c.objc; path = MHStickerCell.m; sourceTree = "<group>"; };
		83677E5223E69CBB00433BD1 /* WNSegmentControl.h */ = {isa = PBXFileReference; fileEncoding = 4; lastKnownFileType = sourcecode.c.h; path = WNSegmentControl.h; sourceTree = "<group>"; };
		83677E5323E69CBB00433BD1 /* MHBeautyAssembleView.m */ = {isa = PBXFileReference; fileEncoding = 4; lastKnownFileType = sourcecode.c.objc; path = MHBeautyAssembleView.m; sourceTree = "<group>"; };
		83677E5423E69CBB00433BD1 /* WNSegmentItem.h */ = {isa = PBXFileReference; fileEncoding = 4; lastKnownFileType = sourcecode.c.h; path = WNSegmentItem.h; sourceTree = "<group>"; };
		83677E5523E69CBB00433BD1 /* MHBeautyFaceView.h */ = {isa = PBXFileReference; fileEncoding = 4; lastKnownFileType = sourcecode.c.h; path = MHBeautyFaceView.h; sourceTree = "<group>"; };
		83677E5623E69CBB00433BD1 /* MHSpecificAssembleView.h */ = {isa = PBXFileReference; fileEncoding = 4; lastKnownFileType = sourcecode.c.h; path = MHSpecificAssembleView.h; sourceTree = "<group>"; };
		83677E5723E69CBB00433BD1 /* MHStickersView.h */ = {isa = PBXFileReference; fileEncoding = 4; lastKnownFileType = sourcecode.c.h; path = MHStickersView.h; sourceTree = "<group>"; };
		83677E5823E69CBB00433BD1 /* MHBeautyMenuCell.h */ = {isa = PBXFileReference; fileEncoding = 4; lastKnownFileType = sourcecode.c.h; path = MHBeautyMenuCell.h; sourceTree = "<group>"; };
		83677E5923E69CBB00433BD1 /* MHPrintView.h */ = {isa = PBXFileReference; fileEncoding = 4; lastKnownFileType = sourcecode.c.h; path = MHPrintView.h; sourceTree = "<group>"; };
		83677E5A23E69CBB00433BD1 /* MHMagnifiedEffectCell.m */ = {isa = PBXFileReference; fileEncoding = 4; lastKnownFileType = sourcecode.c.objc; path = MHMagnifiedEffectCell.m; sourceTree = "<group>"; };
		83677E5B23E69CBB00433BD1 /* MHBeautyView.h */ = {isa = PBXFileReference; fileEncoding = 4; lastKnownFileType = sourcecode.c.h; path = MHBeautyView.h; sourceTree = "<group>"; };
		83677E5C23E69CBB00433BD1 /* MHBeautySlider.m */ = {isa = PBXFileReference; fileEncoding = 4; lastKnownFileType = sourcecode.c.objc; path = MHBeautySlider.m; sourceTree = "<group>"; };
		83677E5D23E69CBB00433BD1 /* MHCompleteBeautyView.m */ = {isa = PBXFileReference; fileEncoding = 4; lastKnownFileType = sourcecode.c.objc; path = MHCompleteBeautyView.m; sourceTree = "<group>"; };
		83677E5E23E69CBB00433BD1 /* MHSectionStickersView.h */ = {isa = PBXFileReference; fileEncoding = 4; lastKnownFileType = sourcecode.c.h; path = MHSectionStickersView.h; sourceTree = "<group>"; };
		83677E5F23E69CBB00433BD1 /* MHMagnifiedView.h */ = {isa = PBXFileReference; fileEncoding = 4; lastKnownFileType = sourcecode.c.h; path = MHMagnifiedView.h; sourceTree = "<group>"; };
		83677E6023E69CBB00433BD1 /* MHSpecificEffectView.h */ = {isa = PBXFileReference; fileEncoding = 4; lastKnownFileType = sourcecode.c.h; path = MHSpecificEffectView.h; sourceTree = "<group>"; };
		83677E6123E69CBB00433BD1 /* UIView+Additions.h */ = {isa = PBXFileReference; fileEncoding = 4; lastKnownFileType = sourcecode.c.h; path = "UIView+Additions.h"; sourceTree = "<group>"; };
		83677E6223E69CBB00433BD1 /* MHFiltersView.m */ = {isa = PBXFileReference; fileEncoding = 4; lastKnownFileType = sourcecode.c.objc; path = MHFiltersView.m; sourceTree = "<group>"; };
		83677E6323E69CBB00433BD1 /* MHStickersView.m */ = {isa = PBXFileReference; fileEncoding = 4; lastKnownFileType = sourcecode.c.objc; path = MHStickersView.m; sourceTree = "<group>"; };
		83677E6423E69CBB00433BD1 /* MHSpecificAssembleView.m */ = {isa = PBXFileReference; fileEncoding = 4; lastKnownFileType = sourcecode.c.objc; path = MHSpecificAssembleView.m; sourceTree = "<group>"; };
		83677E6523E69CBB00433BD1 /* MHBeautyFaceView.m */ = {isa = PBXFileReference; fileEncoding = 4; lastKnownFileType = sourcecode.c.objc; path = MHBeautyFaceView.m; sourceTree = "<group>"; };
		83677E6623E69CBB00433BD1 /* WNSegmentItem.m */ = {isa = PBXFileReference; fileEncoding = 4; lastKnownFileType = sourcecode.c.objc; path = WNSegmentItem.m; sourceTree = "<group>"; };
		83677E6723E69CBB00433BD1 /* MHBeautyAssembleView.h */ = {isa = PBXFileReference; fileEncoding = 4; lastKnownFileType = sourcecode.c.h; path = MHBeautyAssembleView.h; sourceTree = "<group>"; };
		83677E6823E69CBB00433BD1 /* MHStickerCell.h */ = {isa = PBXFileReference; fileEncoding = 4; lastKnownFileType = sourcecode.c.h; path = MHStickerCell.h; sourceTree = "<group>"; };
		83677E6923E69CBB00433BD1 /* WNSegmentControl.m */ = {isa = PBXFileReference; fileEncoding = 4; lastKnownFileType = sourcecode.c.objc; path = WNSegmentControl.m; sourceTree = "<group>"; };
		83677E8223E69D5C00433BD1 /* MHBeautySDK.framework */ = {isa = PBXFileReference; lastKnownFileType = wrapper.framework; path = MHBeautySDK.framework; sourceTree = "<group>"; };
		83677E8323E69D5C00433BD1 /* server.cer */ = {isa = PBXFileReference; lastKnownFileType = file; path = server.cer; sourceTree = "<group>"; };
		83677E8523E69D5C00433BD1 /* print_cancel@2x.png */ = {isa = PBXFileReference; lastKnownFileType = image.png; path = "print_cancel@2x.png"; sourceTree = "<group>"; };
		83677E8623E69D5C00433BD1 /* top_right@2x.png */ = {isa = PBXFileReference; lastKnownFileType = image.png; path = "top_right@2x.png"; sourceTree = "<group>"; };
		83677E8723E69D5C00433BD1 /* top_right_selected.png */ = {isa = PBXFileReference; lastKnownFileType = image.png; path = top_right_selected.png; sourceTree = "<group>"; };
		83677E8823E69D5C00433BD1 /* bottom_right@2x.png */ = {isa = PBXFileReference; lastKnownFileType = image.png; path = "bottom_right@2x.png"; sourceTree = "<group>"; };
		83677E8923E69D5C00433BD1 /* top_left@2x.png */ = {isa = PBXFileReference; lastKnownFileType = image.png; path = "top_left@2x.png"; sourceTree = "<group>"; };
		83677E8A23E69D5C00433BD1 /* bottom_left_selected.png */ = {isa = PBXFileReference; lastKnownFileType = image.png; path = bottom_left_selected.png; sourceTree = "<group>"; };
		83677E8B23E69D5C00433BD1 /* WatermarkImages.plist */ = {isa = PBXFileReference; fileEncoding = 4; lastKnownFileType = text.plist.xml; path = WatermarkImages.plist; sourceTree = "<group>"; };
		83677E8C23E69D5C00433BD1 /* bottom_right_selected.png */ = {isa = PBXFileReference; lastKnownFileType = image.png; path = bottom_right_selected.png; sourceTree = "<group>"; };
		83677E8D23E69D5C00433BD1 /* top_left_selected.png */ = {isa = PBXFileReference; lastKnownFileType = image.png; path = top_left_selected.png; sourceTree = "<group>"; };
		83677E8E23E69D5C00433BD1 /* bottom_left@2x.png */ = {isa = PBXFileReference; lastKnownFileType = image.png; path = "bottom_left@2x.png"; sourceTree = "<group>"; };
		83677E8F23E69D5C00433BD1 /* MHSDK.bundle */ = {isa = PBXFileReference; lastKnownFileType = "wrapper.plug-in"; path = MHSDK.bundle; sourceTree = "<group>"; };
		83677E9023E69D5C00433BD1 /* tracking.framework */ = {isa = PBXFileReference; lastKnownFileType = wrapper.framework; path = tracking.framework; sourceTree = "<group>"; };
		836DFC1022E8504400D43863 /* MDThumbnailBar.swift */ = {isa = PBXFileReference; lastKnownFileType = sourcecode.swift; path = MDThumbnailBar.swift; sourceTree = "<group>"; };
		836FE5FC22C367320033A073 /* MDVolumeViewController.swift */ = {isa = PBXFileReference; lastKnownFileType = sourcecode.swift; path = MDVolumeViewController.swift; sourceTree = "<group>"; };
		836FE60422C3B2060033A073 /* MDUIComponents.swift */ = {isa = PBXFileReference; lastKnownFileType = sourcecode.swift; path = MDUIComponents.swift; sourceTree = "<group>"; };
		8377D949234D798E00DD2DBF /* MovieousDemoTests.xctest */ = {isa = PBXFileReference; explicitFileType = wrapper.cfbundle; includeInIndex = 0; path = MovieousDemoTests.xctest; sourceTree = BUILT_PRODUCTS_DIR; };
		8377D94B234D798E00DD2DBF /* MovieousDemoTests.swift */ = {isa = PBXFileReference; lastKnownFileType = sourcecode.swift; path = MovieousDemoTests.swift; sourceTree = "<group>"; };
		8377D94D234D798E00DD2DBF /* Info.plist */ = {isa = PBXFileReference; lastKnownFileType = text.plist.xml; path = Info.plist; sourceTree = "<group>"; };
		838A373322D5F70300CB8BF7 /* libsqlite3.tbd */ = {isa = PBXFileReference; lastKnownFileType = "sourcecode.text-based-dylib-definition"; name = libsqlite3.tbd; path = usr/lib/libsqlite3.tbd; sourceTree = SDKROOT; };
		839047A9230FC6E6003B40E1 /* MDExporterViewController.swift */ = {isa = PBXFileReference; lastKnownFileType = sourcecode.swift; path = MDExporterViewController.swift; sourceTree = "<group>"; };
		8397C07C22E7060900B46CD2 /* MDShotConfigViewController.swift */ = {isa = PBXFileReference; lastKnownFileType = sourcecode.swift; path = MDShotConfigViewController.swift; sourceTree = "<group>"; };
		83A817CE22B5AE3C003E4631 /* Base */ = {isa = PBXFileReference; lastKnownFileType = text.plist.strings; name = Base; path = Base.lproj/Localizable.strings; sourceTree = "<group>"; };
		83A817F222B764D4003E4631 /* zh-Hans */ = {isa = PBXFileReference; lastKnownFileType = text.plist.strings; name = "zh-Hans"; path = "zh-Hans.lproj/LaunchScreen.strings"; sourceTree = "<group>"; };
		83A817F322B764EF003E4631 /* zh-Hans */ = {isa = PBXFileReference; lastKnownFileType = text.plist.strings; name = "zh-Hans"; path = "zh-Hans.lproj/Localizable.strings"; sourceTree = "<group>"; };
		83A8183022B8C8A2003E4631 /* Info.plist */ = {isa = PBXFileReference; lastKnownFileType = text.plist.xml; path = Info.plist; sourceTree = "<group>"; };
		83A8183522B9E9AD003E4631 /* Assets.xcassets */ = {isa = PBXFileReference; lastKnownFileType = folder.assetcatalog; path = Assets.xcassets; sourceTree = "<group>"; };
		83A8184322BB463D003E4631 /* MDProgressBar.swift */ = {isa = PBXFileReference; lastKnownFileType = sourcecode.swift; path = MDProgressBar.swift; sourceTree = "<group>"; };
		83B3F38522D1C75B005A76B5 /* MDFrameView.swift */ = {isa = PBXFileReference; lastKnownFileType = sourcecode.swift; path = MDFrameView.swift; sourceTree = "<group>"; };
		83B6C11C23113C8E00510BE8 /* MDImageEditorViewController.swift */ = {isa = PBXFileReference; lastKnownFileType = sourcecode.swift; path = MDImageEditorViewController.swift; sourceTree = "<group>"; };
		83B6C124231142EC00510BE8 /* MDEditorToolboxViewController.swift */ = {isa = PBXFileReference; lastKnownFileType = sourcecode.swift; path = MDEditorToolboxViewController.swift; sourceTree = "<group>"; };
		83DAAFD522F92B6C0098041B /* MDSpeedEffect.swift */ = {isa = PBXFileReference; lastKnownFileType = sourcecode.swift; path = MDSpeedEffect.swift; sourceTree = "<group>"; };
		83DAAFDD22F92D790098041B /* MDRepeateEffect.swift */ = {isa = PBXFileReference; lastKnownFileType = sourcecode.swift; path = MDRepeateEffect.swift; sourceTree = "<group>"; };
		83E924A12302F7ED00034EC2 /* MDWordViewController.swift */ = {isa = PBXFileReference; lastKnownFileType = sourcecode.swift; path = MDWordViewController.swift; sourceTree = "<group>"; };
		83EE751423E55CD2000E4F1D /* MDFilter.swift */ = {isa = PBXFileReference; fileEncoding = 4; lastKnownFileType = sourcecode.swift; path = MDFilter.swift; sourceTree = "<group>"; };
		83FDF66E2338627100A9BC9A /* MDImageGraffitiViewController.swift */ = {isa = PBXFileReference; fileEncoding = 4; lastKnownFileType = sourcecode.swift; path = MDImageGraffitiViewController.swift; sourceTree = "<group>"; };
		D25BFA71F0C963D311D209A0 /* Pods-MovieousDemo.release.xcconfig */ = {isa = PBXFileReference; includeInIndex = 1; lastKnownFileType = text.xcconfig; name = "Pods-MovieousDemo.release.xcconfig"; path = "Target Support Files/Pods-MovieousDemo/Pods-MovieousDemo.release.xcconfig"; sourceTree = "<group>"; };
		E8B44E7B92AE3A0A3234B3AC /* Pods-MovieousDemo.debug.xcconfig */ = {isa = PBXFileReference; includeInIndex = 1; lastKnownFileType = text.xcconfig; name = "Pods-MovieousDemo.debug.xcconfig"; path = "Target Support Files/Pods-MovieousDemo/Pods-MovieousDemo.debug.xcconfig"; sourceTree = "<group>"; };
/* End PBXFileReference section */

/* Begin PBXFrameworksBuildPhase section */
		83445DDA225CD51E00A635F2 /* Frameworks */ = {
			isa = PBXFrameworksBuildPhase;
			buildActionMask = 2147483647;
			files = (
				838A373422D5F70300CB8BF7 /* libsqlite3.tbd in Frameworks */,
				83677E9F23E69DA800433BD1 /* tracking.framework in Frameworks */,
				778A145393E435754AB23DA7 /* Pods_MovieousDemo.framework in Frameworks */,
				83677E9123E69D5C00433BD1 /* MHBeautySDK.framework in Frameworks */,
			);
			runOnlyForDeploymentPostprocessing = 0;
		};
		8377D946234D798E00DD2DBF /* Frameworks */ = {
			isa = PBXFrameworksBuildPhase;
			buildActionMask = 2147483647;
			files = (
				F991A18BFB8AA3F7D2D121BA /* Pods_MovieousDemoTests.framework in Frameworks */,
			);
			runOnlyForDeploymentPostprocessing = 0;
		};
/* End PBXFrameworksBuildPhase section */

/* Begin PBXGroup section */
		830A6E3822BCDCA10002FB5A /* Editor */ = {
			isa = PBXGroup;
			children = (
				8319E0B722D578FD00BA0809 /* MDBeautyFilterViewController.swift */,
				8338680922C3D25A006656D9 /* MDCoverViewController.swift */,
				833867FD22C3D171006656D9 /* MDEditorMusicViewController.swift */,
				83B6C124231142EC00510BE8 /* MDEditorToolboxViewController.swift */,
				83477A1F231937AC0084A5FB /* MDEditorViewController.swift */,
				83B6C11C23113C8E00510BE8 /* MDImageEditorViewController.swift */,
				83FDF66E2338627100A9BC9A /* MDImageGraffitiViewController.swift */,
				8338680D22C3D27D006656D9 /* MDSpecialEffectViewController.swift */,
				8338680522C3D1E1006656D9 /* MDStickerViewController.swift */,
				8338680B22C3D26C006656D9 /* MDTrimViewController.swift */,
				830A6E3922BCDCC80002FB5A /* MDVideoEditorViewController.swift */,
				8338680722C3D1FD006656D9 /* MDVideoGraffitiViewController.swift */,
				836FE5FC22C367320033A073 /* MDVolumeViewController.swift */,
				83E924A12302F7ED00034EC2 /* MDWordViewController.swift */,
			);
			path = Editor;
			sourceTree = "<group>";
		};
		83445DD4225CD51E00A635F2 = {
			isa = PBXGroup;
			children = (
				83445DDF225CD51E00A635F2 /* MovieousDemo */,
				8377D94A234D798E00DD2DBF /* MovieousDemoTests */,
				83445DDE225CD51E00A635F2 /* Products */,
				BB83C388FD9B161508AAEED2 /* Pods */,
				F1B85E687A2A1AC694CED74F /* Frameworks */,
			);
			sourceTree = "<group>";
		};
		83445DDE225CD51E00A635F2 /* Products */ = {
			isa = PBXGroup;
			children = (
				83445DDD225CD51E00A635F2 /* MovieousDemo.app */,
				8377D949234D798E00DD2DBF /* MovieousDemoTests.xctest */,
			);
			name = Products;
			sourceTree = "<group>";
		};
		83445DDF225CD51E00A635F2 /* MovieousDemo */ = {
			isa = PBXGroup;
			children = (
				83EE73BF23E5447A000E4F1D /* Vendor */,
				83F0A005233C911500170723 /* Resources */,
				83446DF3225D0BAA00A635F2 /* Common */,
				83446DE5225CD93200A635F2 /* Components */,
				83445DE0225CD51E00A635F2 /* AppDelegate.swift */,
				834468A1225CD6ED00A635F2 /* MovieousDemo-Bridging-Header.h */,
				83A8183022B8C8A2003E4631 /* Info.plist */,
			);
			path = MovieousDemo;
			sourceTree = "<group>";
		};
		83446DE5225CD93200A635F2 /* Components */ = {
			isa = PBXGroup;
			children = (
				8390479F230FC6B8003B40E1 /* Exporter */,
				830A6E3822BCDCA10002FB5A /* Editor */,
				83446DE9225CE72100A635F2 /* Recorder */,
				83446DE6225CD93D00A635F2 /* Audience */,
			);
			path = Components;
			sourceTree = "<group>";
		};
		83446DE6225CD93D00A635F2 /* Audience */ = {
			isa = PBXGroup;
			children = (
				83446DF4225D0BBC00A635F2 /* MDAVPlayerView.swift */,
				83445DE2225CD51E00A635F2 /* MDAudienceViewController.swift */,
				83359D5C22E6C62900E28254 /* MDCreationViewController.swift */,
				8397C07C22E7060900B46CD2 /* MDShotConfigViewController.swift */,
			);
			path = Audience;
			sourceTree = "<group>";
		};
		83446DE9225CE72100A635F2 /* Recorder */ = {
			isa = PBXGroup;
			children = (
				83446DEA225CE74C00A635F2 /* MDRecorderViewController.swift */,
				83446DEF225D06AF00A635F2 /* MDRecorderMusicViewController.swift */,
				83A8184322BB463D003E4631 /* MDProgressBar.swift */,
			);
			path = Recorder;
			sourceTree = "<group>";
		};
		83446DF3225D0BAA00A635F2 /* Common */ = {
			isa = PBXGroup;
			children = (
				83EE751423E55CD2000E4F1D /* MDFilter.swift */,
				8349D24322BDD45D0063C62E /* MDHorizontalPageFlowlayout.swift */,
				83446DED225CF80300A635F2 /* MDUtils.swift */,
				835661C422D0D7770046DA6F /* MDStickerLibrary.swift */,
				830A6E3B22BD0B670002FB5A /* MDGlobalConfig.swift */,
				836FE60422C3B2060033A073 /* MDUIComponents.swift */,
				833805B822CF611400C1AB48 /* MDMusicLibrary.swift */,
				83B3F38522D1C75B005A76B5 /* MDFrameView.swift */,
				8358448A22E5A6C20009AEA0 /* MDAudioTrimView.swift */,
				836DFC1022E8504400D43863 /* MDThumbnailBar.swift */,
				83DAAFD522F92B6C0098041B /* MDSpeedEffect.swift */,
				83DAAFDD22F92D790098041B /* MDRepeateEffect.swift */,
				83611FDE239555CF00DFD342 /* MDInnerBeautyFilterView.swift */,
			);
			path = Common;
			sourceTree = "<group>";
		};
		83677E3923E69CBB00433BD1 /* MHUI */ = {
			isa = PBXGroup;
			children = (
				83677E3A23E69CBB00433BD1 /* MHMeiyanMenusView.m */,
				83677E3B23E69CBB00433BD1 /* Model */,
				83677E4423E69CBB00433BD1 /* MHMeiyanMenusView.h */,
				83677E4523E69CBB00433BD1 /* Views */,
			);
			path = MHUI;
			sourceTree = "<group>";
		};
		83677E3B23E69CBB00433BD1 /* Model */ = {
			isa = PBXGroup;
			children = (
				83677E3C23E69CBB00433BD1 /* MHQuickBeautyParams.plist */,
				83677E3D23E69CBB00433BD1 /* MHBeautiesModel.h */,
				83677E3E23E69CBB00433BD1 /* StickerDataListModel.h */,
				83677E3F23E69CBB00433BD1 /* StickerManager.m */,
				83677E4023E69CBB00433BD1 /* MHBeautyParams.h */,
				83677E4123E69CBB00433BD1 /* MHBeautiesModel.m */,
				83677E4223E69CBB00433BD1 /* StickerDataListModel.m */,
				83677E4323E69CBB00433BD1 /* StickerManager.h */,
			);
			path = Model;
			sourceTree = "<group>";
		};
		83677E4523E69CBB00433BD1 /* Views */ = {
			isa = PBXGroup;
			children = (
				83677E4623E69CBB00433BD1 /* MHPrintView.m */,
				83677E4723E69CBB00433BD1 /* MHBeautyMenuCell.m */,
				83677E4823E69CBB00433BD1 /* MHCompleteBeautyView.h */,
				83677E4923E69CBB00433BD1 /* MHBeautySlider.h */,
				83677E4A23E69CBB00433BD1 /* MHBeautyView.m */,
				83677E4B23E69CBB00433BD1 /* MHMagnifiedEffectCell.h */,
				83677E4C23E69CBB00433BD1 /* MHFiltersView.h */,
				83677E4D23E69CBB00433BD1 /* UIView+Additions.m */,
				83677E4E23E69CBB00433BD1 /* MHSpecificEffectView.m */,
				83677E4F23E69CBB00433BD1 /* MHMagnifiedView.m */,
				83677E5023E69CBB00433BD1 /* MHSectionStickersView.m */,
				83677E5123E69CBB00433BD1 /* MHStickerCell.m */,
				83677E5223E69CBB00433BD1 /* WNSegmentControl.h */,
				83677E5323E69CBB00433BD1 /* MHBeautyAssembleView.m */,
				83677E5423E69CBB00433BD1 /* WNSegmentItem.h */,
				83677E5523E69CBB00433BD1 /* MHBeautyFaceView.h */,
				83677E5623E69CBB00433BD1 /* MHSpecificAssembleView.h */,
				83677E5723E69CBB00433BD1 /* MHStickersView.h */,
				83677E5823E69CBB00433BD1 /* MHBeautyMenuCell.h */,
				83677E5923E69CBB00433BD1 /* MHPrintView.h */,
				83677E5A23E69CBB00433BD1 /* MHMagnifiedEffectCell.m */,
				83677E5B23E69CBB00433BD1 /* MHBeautyView.h */,
				83677E5C23E69CBB00433BD1 /* MHBeautySlider.m */,
				83677E5D23E69CBB00433BD1 /* MHCompleteBeautyView.m */,
				83677E5E23E69CBB00433BD1 /* MHSectionStickersView.h */,
				83677E5F23E69CBB00433BD1 /* MHMagnifiedView.h */,
				83677E6023E69CBB00433BD1 /* MHSpecificEffectView.h */,
				83677E6123E69CBB00433BD1 /* UIView+Additions.h */,
				83677E6223E69CBB00433BD1 /* MHFiltersView.m */,
				83677E6323E69CBB00433BD1 /* MHStickersView.m */,
				83677E6423E69CBB00433BD1 /* MHSpecificAssembleView.m */,
				83677E6523E69CBB00433BD1 /* MHBeautyFaceView.m */,
				83677E6623E69CBB00433BD1 /* WNSegmentItem.m */,
				83677E6723E69CBB00433BD1 /* MHBeautyAssembleView.h */,
				83677E6823E69CBB00433BD1 /* MHStickerCell.h */,
				83677E6923E69CBB00433BD1 /* WNSegmentControl.m */,
			);
			path = Views;
			sourceTree = "<group>";
		};
		83677E8123E69D5C00433BD1 /* MHResources */ = {
			isa = PBXGroup;
			children = (
				83677E8223E69D5C00433BD1 /* MHBeautySDK.framework */,
				83677E8323E69D5C00433BD1 /* server.cer */,
				83677E8423E69D5C00433BD1 /* 水印 */,
				83677E8F23E69D5C00433BD1 /* MHSDK.bundle */,
				83677E9023E69D5C00433BD1 /* tracking.framework */,
			);
			path = MHResources;
			sourceTree = "<group>";
		};
		83677E8423E69D5C00433BD1 /* 水印 */ = {
			isa = PBXGroup;
			children = (
				83677E8523E69D5C00433BD1 /* print_cancel@2x.png */,
				83677E8623E69D5C00433BD1 /* top_right@2x.png */,
				83677E8723E69D5C00433BD1 /* top_right_selected.png */,
				83677E8823E69D5C00433BD1 /* bottom_right@2x.png */,
				83677E8923E69D5C00433BD1 /* top_left@2x.png */,
				83677E8A23E69D5C00433BD1 /* bottom_left_selected.png */,
				83677E8B23E69D5C00433BD1 /* WatermarkImages.plist */,
				83677E8C23E69D5C00433BD1 /* bottom_right_selected.png */,
				83677E8D23E69D5C00433BD1 /* top_left_selected.png */,
				83677E8E23E69D5C00433BD1 /* bottom_left@2x.png */,
			);
			path = "水印";
			sourceTree = "<group>";
		};
		8377D94A234D798E00DD2DBF /* MovieousDemoTests */ = {
			isa = PBXGroup;
			children = (
				8377D94B234D798E00DD2DBF /* MovieousDemoTests.swift */,
				8377D94D234D798E00DD2DBF /* Info.plist */,
			);
			path = MovieousDemoTests;
			sourceTree = "<group>";
		};
		8390479F230FC6B8003B40E1 /* Exporter */ = {
			isa = PBXGroup;
			children = (
				839047A9230FC6E6003B40E1 /* MDExporterViewController.swift */,
			);
			path = Exporter;
			sourceTree = "<group>";
		};
		83EE73BF23E5447A000E4F1D /* Vendor */ = {
			isa = PBXGroup;
			children = (
				83EE746A23E5598E000E4F1D /* MHSDK */,
			);
			path = Vendor;
			sourceTree = "<group>";
		};
		83EE746A23E5598E000E4F1D /* MHSDK */ = {
			isa = PBXGroup;
			children = (
				83677E8123E69D5C00433BD1 /* MHResources */,
				83677E3923E69CBB00433BD1 /* MHUI */,
			);
			path = MHSDK;
			sourceTree = "<group>";
		};
		83F0A005233C911500170723 /* Resources */ = {
			isa = PBXGroup;
			children = (
				83611FE2239556B100DFD342 /* filter_template.jpg */,
				83611FE0239556AC00DFD342 /* Filters.bundle */,
				83A8183522B9E9AD003E4631 /* Assets.xcassets */,
				83445DE9225CD51F00A635F2 /* LaunchScreen.storyboard */,
				83A817CD22B5AE3C003E4631 /* Localizable.strings */,
			);
			path = Resources;
			sourceTree = "<group>";
		};
		BB83C388FD9B161508AAEED2 /* Pods */ = {
			isa = PBXGroup;
			children = (
				E8B44E7B92AE3A0A3234B3AC /* Pods-MovieousDemo.debug.xcconfig */,
				D25BFA71F0C963D311D209A0 /* Pods-MovieousDemo.release.xcconfig */,
				6FED65F32E13375C13ED53AA /* Pods-MovieousDemoTests.debug.xcconfig */,
				7E640932A10819AB7C18AA10 /* Pods-MovieousDemoTests.release.xcconfig */,
			);
			path = Pods;
			sourceTree = "<group>";
		};
		F1B85E687A2A1AC694CED74F /* Frameworks */ = {
			isa = PBXGroup;
			children = (
				838A373322D5F70300CB8BF7 /* libsqlite3.tbd */,
				6BFF139F2D609BAF5927852D /* Pods_MovieousDemo.framework */,
				0412DE0A8E0804D65F578E71 /* Pods_MovieousDemoTests.framework */,
			);
			name = Frameworks;
			sourceTree = "<group>";
		};
/* End PBXGroup section */

/* Begin PBXNativeTarget section */
		83445DDC225CD51E00A635F2 /* MovieousDemo */ = {
			isa = PBXNativeTarget;
			buildConfigurationList = 83445DEF225CD51F00A635F2 /* Build configuration list for PBXNativeTarget "MovieousDemo" */;
			buildPhases = (
				BCB5297FBA43FDA6CBF9EEE2 /* [CP] Check Pods Manifest.lock */,
				83445DD9225CD51E00A635F2 /* Sources */,
				83445DDA225CD51E00A635F2 /* Frameworks */,
				83445DDB225CD51E00A635F2 /* Resources */,
				83CC8C39A003A2D2444E560D /* [CP] Embed Pods Frameworks */,
				83677E3523E5B1D000433BD1 /* Embed Frameworks */,
			);
			buildRules = (
			);
			dependencies = (
			);
			name = MovieousDemo;
			productName = MovieousDemo;
			productReference = 83445DDD225CD51E00A635F2 /* MovieousDemo.app */;
			productType = "com.apple.product-type.application";
		};
		8377D948234D798E00DD2DBF /* MovieousDemoTests */ = {
			isa = PBXNativeTarget;
			buildConfigurationList = 8377D958234D798E00DD2DBF /* Build configuration list for PBXNativeTarget "MovieousDemoTests" */;
			buildPhases = (
				FACF43BF1169F0D03900DC66 /* [CP] Check Pods Manifest.lock */,
				8377D945234D798E00DD2DBF /* Sources */,
				8377D946234D798E00DD2DBF /* Frameworks */,
				8377D947234D798E00DD2DBF /* Resources */,
			);
			buildRules = (
			);
			dependencies = (
				8377D94F234D798E00DD2DBF /* PBXTargetDependency */,
			);
			name = MovieousDemoTests;
			productName = MovieousDemoTests;
			productReference = 8377D949234D798E00DD2DBF /* MovieousDemoTests.xctest */;
			productType = "com.apple.product-type.bundle.unit-test";
		};
/* End PBXNativeTarget section */

/* Begin PBXProject section */
		83445DD5225CD51E00A635F2 /* Project object */ = {
			isa = PBXProject;
			attributes = {
				LastSwiftUpdateCheck = 1110;
				LastUpgradeCheck = 1020;
				ORGANIZATIONNAME = "Movieous Team";
				TargetAttributes = {
					83445DDC225CD51E00A635F2 = {
						CreatedOnToolsVersion = 10.2;
						LastSwiftMigration = 1020;
					};
					8377D948234D798E00DD2DBF = {
						CreatedOnToolsVersion = 11.1;
						TestTargetID = 83445DDC225CD51E00A635F2;
					};
				};
			};
			buildConfigurationList = 83445DD8225CD51E00A635F2 /* Build configuration list for PBXProject "MovieousDemo" */;
			compatibilityVersion = "Xcode 9.3";
			developmentRegion = en;
			hasScannedForEncodings = 0;
			knownRegions = (
				en,
				Base,
				"zh-Hans",
			);
			mainGroup = 83445DD4225CD51E00A635F2;
			productRefGroup = 83445DDE225CD51E00A635F2 /* Products */;
			projectDirPath = "";
			projectRoot = "";
			targets = (
				83445DDC225CD51E00A635F2 /* MovieousDemo */,
				8377D948234D798E00DD2DBF /* MovieousDemoTests */,
			);
		};
/* End PBXProject section */

/* Begin PBXResourcesBuildPhase section */
		83445DDB225CD51E00A635F2 /* Resources */ = {
			isa = PBXResourcesBuildPhase;
			buildActionMask = 2147483647;
			files = (
				83677E9223E69D5C00433BD1 /* server.cer in Resources */,
				83677E9923E69D5C00433BD1 /* WatermarkImages.plist in Resources */,
				83677E9623E69D5C00433BD1 /* bottom_right@2x.png in Resources */,
				83677E6B23E69CBB00433BD1 /* MHQuickBeautyParams.plist in Resources */,
				83677E9323E69D5C00433BD1 /* print_cancel@2x.png in Resources */,
				83677E9523E69D5C00433BD1 /* top_right_selected.png in Resources */,
				83A817CF22B5AE3C003E4631 /* Localizable.strings in Resources */,
				83677E9423E69D5C00433BD1 /* top_right@2x.png in Resources */,
				83445DEB225CD51F00A635F2 /* LaunchScreen.storyboard in Resources */,
				83677E9C23E69D5C00433BD1 /* bottom_left@2x.png in Resources */,
				83A8183622B9E9AD003E4631 /* Assets.xcassets in Resources */,
				83677E9723E69D5C00433BD1 /* top_left@2x.png in Resources */,
				83677E9823E69D5C00433BD1 /* bottom_left_selected.png in Resources */,
				83611FE3239556B100DFD342 /* filter_template.jpg in Resources */,
				83677E9B23E69D5C00433BD1 /* top_left_selected.png in Resources */,
				83611FE1239556AC00DFD342 /* Filters.bundle in Resources */,
				83677E9A23E69D5C00433BD1 /* bottom_right_selected.png in Resources */,
				83677E9D23E69D5C00433BD1 /* MHSDK.bundle in Resources */,
			);
			runOnlyForDeploymentPostprocessing = 0;
		};
		8377D947234D798E00DD2DBF /* Resources */ = {
			isa = PBXResourcesBuildPhase;
			buildActionMask = 2147483647;
			files = (
			);
			runOnlyForDeploymentPostprocessing = 0;
		};
/* End PBXResourcesBuildPhase section */

/* Begin PBXShellScriptBuildPhase section */
		83CC8C39A003A2D2444E560D /* [CP] Embed Pods Frameworks */ = {
			isa = PBXShellScriptBuildPhase;
			buildActionMask = 2147483647;
			files = (
			);
			inputFileListPaths = (
				"${PODS_ROOT}/Target Support Files/Pods-MovieousDemo/Pods-MovieousDemo-frameworks-${CONFIGURATION}-input-files.xcfilelist",
			);
			name = "[CP] Embed Pods Frameworks";
			outputFileListPaths = (
				"${PODS_ROOT}/Target Support Files/Pods-MovieousDemo/Pods-MovieousDemo-frameworks-${CONFIGURATION}-output-files.xcfilelist",
			);
			runOnlyForDeploymentPostprocessing = 0;
			shellPath = /bin/sh;
			shellScript = "\"${PODS_ROOT}/Target Support Files/Pods-MovieousDemo/Pods-MovieousDemo-frameworks.sh\"\n";
			showEnvVarsInLog = 0;
		};
		BCB5297FBA43FDA6CBF9EEE2 /* [CP] Check Pods Manifest.lock */ = {
			isa = PBXShellScriptBuildPhase;
			buildActionMask = 2147483647;
			files = (
			);
			inputFileListPaths = (
			);
			inputPaths = (
				"${PODS_PODFILE_DIR_PATH}/Podfile.lock",
				"${PODS_ROOT}/Manifest.lock",
			);
			name = "[CP] Check Pods Manifest.lock";
			outputFileListPaths = (
			);
			outputPaths = (
				"$(DERIVED_FILE_DIR)/Pods-MovieousDemo-checkManifestLockResult.txt",
			);
			runOnlyForDeploymentPostprocessing = 0;
			shellPath = /bin/sh;
			shellScript = "diff \"${PODS_PODFILE_DIR_PATH}/Podfile.lock\" \"${PODS_ROOT}/Manifest.lock\" > /dev/null\nif [ $? != 0 ] ; then\n    # print error to STDERR\n    echo \"error: The sandbox is not in sync with the Podfile.lock. Run 'pod install' or update your CocoaPods installation.\" >&2\n    exit 1\nfi\n# This output is used by Xcode 'outputs' to avoid re-running this script phase.\necho \"SUCCESS\" > \"${SCRIPT_OUTPUT_FILE_0}\"\n";
			showEnvVarsInLog = 0;
		};
		FACF43BF1169F0D03900DC66 /* [CP] Check Pods Manifest.lock */ = {
			isa = PBXShellScriptBuildPhase;
			buildActionMask = 2147483647;
			files = (
			);
			inputFileListPaths = (
			);
			inputPaths = (
				"${PODS_PODFILE_DIR_PATH}/Podfile.lock",
				"${PODS_ROOT}/Manifest.lock",
			);
			name = "[CP] Check Pods Manifest.lock";
			outputFileListPaths = (
			);
			outputPaths = (
				"$(DERIVED_FILE_DIR)/Pods-MovieousDemoTests-checkManifestLockResult.txt",
			);
			runOnlyForDeploymentPostprocessing = 0;
			shellPath = /bin/sh;
			shellScript = "diff \"${PODS_PODFILE_DIR_PATH}/Podfile.lock\" \"${PODS_ROOT}/Manifest.lock\" > /dev/null\nif [ $? != 0 ] ; then\n    # print error to STDERR\n    echo \"error: The sandbox is not in sync with the Podfile.lock. Run 'pod install' or update your CocoaPods installation.\" >&2\n    exit 1\nfi\n# This output is used by Xcode 'outputs' to avoid re-running this script phase.\necho \"SUCCESS\" > \"${SCRIPT_OUTPUT_FILE_0}\"\n";
			showEnvVarsInLog = 0;
		};
/* End PBXShellScriptBuildPhase section */

/* Begin PBXSourcesBuildPhase section */
		83445DD9225CD51E00A635F2 /* Sources */ = {
			isa = PBXSourcesBuildPhase;
			buildActionMask = 2147483647;
			files = (
				836DFC1122E8504400D43863 /* MDThumbnailBar.swift in Sources */,
				836FE5FD22C367320033A073 /* MDVolumeViewController.swift in Sources */,
				83445DE3225CD51E00A635F2 /* MDAudienceViewController.swift in Sources */,
				836FE60522C3B2060033A073 /* MDUIComponents.swift in Sources */,
				8397C07D22E7060900B46CD2 /* MDShotConfigViewController.swift in Sources */,
				83677E6E23E69CBB00433BD1 /* StickerDataListModel.m in Sources */,
				8358448B22E5A6C20009AEA0 /* MDAudioTrimView.swift in Sources */,
				83677E7C23E69CBB00433BD1 /* MHStickersView.m in Sources */,
				83611FDF239555CF00DFD342 /* MDInnerBeautyFilterView.swift in Sources */,
				83677E7923E69CBB00433BD1 /* MHBeautySlider.m in Sources */,
				8319E0B822D578FD00BA0809 /* MDBeautyFilterViewController.swift in Sources */,
				839047AA230FC6E6003B40E1 /* MDExporterViewController.swift in Sources */,
				83445DE1225CD51E00A635F2 /* AppDelegate.swift in Sources */,
				8338680E22C3D27D006656D9 /* MDSpecialEffectViewController.swift in Sources */,
				83DAAFDE22F92D790098041B /* MDRepeateEffect.swift in Sources */,
				8338680A22C3D25A006656D9 /* MDCoverViewController.swift in Sources */,
				83B6C125231142EC00510BE8 /* MDEditorToolboxViewController.swift in Sources */,
				83359D5D22E6C62900E28254 /* MDCreationViewController.swift in Sources */,
				833867FE22C3D171006656D9 /* MDEditorMusicViewController.swift in Sources */,
				83677E6A23E69CBB00433BD1 /* MHMeiyanMenusView.m in Sources */,
				8338680622C3D1E1006656D9 /* MDStickerViewController.swift in Sources */,
				83677E6D23E69CBB00433BD1 /* MHBeautiesModel.m in Sources */,
				83446DEB225CE74C00A635F2 /* MDRecorderViewController.swift in Sources */,
				83446DF5225D0BBC00A635F2 /* MDAVPlayerView.swift in Sources */,
				83477A20231937AC0084A5FB /* MDEditorViewController.swift in Sources */,
				83677E6C23E69CBB00433BD1 /* StickerManager.m in Sources */,
				83677E7423E69CBB00433BD1 /* MHMagnifiedView.m in Sources */,
				83677E7D23E69CBB00433BD1 /* MHSpecificAssembleView.m in Sources */,
				83DAAFD622F92B6C0098041B /* MDSpeedEffect.swift in Sources */,
				83677E7823E69CBB00433BD1 /* MHMagnifiedEffectCell.m in Sources */,
				835661CB22D0D7770046DA6F /* MDStickerLibrary.swift in Sources */,
				833805B922CF611400C1AB48 /* MDMusicLibrary.swift in Sources */,
				83B6C11D23113C8E00510BE8 /* MDImageEditorViewController.swift in Sources */,
				83677E7723E69CBB00433BD1 /* MHBeautyAssembleView.m in Sources */,
				83677E8023E69CBB00433BD1 /* WNSegmentControl.m in Sources */,
				83446DF0225D06AF00A635F2 /* MDRecorderMusicViewController.swift in Sources */,
				83B3F38622D1C75B005A76B5 /* MDFrameView.swift in Sources */,
				83677E7523E69CBB00433BD1 /* MHSectionStickersView.m in Sources */,
				83FDF66F2338627100A9BC9A /* MDImageGraffitiViewController.swift in Sources */,
				83677E7F23E69CBB00433BD1 /* WNSegmentItem.m in Sources */,
				83677E7023E69CBB00433BD1 /* MHBeautyMenuCell.m in Sources */,
				83677E7223E69CBB00433BD1 /* UIView+Additions.m in Sources */,
				83677E7123E69CBB00433BD1 /* MHBeautyView.m in Sources */,
				83677E7623E69CBB00433BD1 /* MHStickerCell.m in Sources */,
				83446DEE225CF80300A635F2 /* MDUtils.swift in Sources */,
				830A6E3C22BD0B670002FB5A /* MDGlobalConfig.swift in Sources */,
				8349D24422BDD45D0063C62E /* MDHorizontalPageFlowlayout.swift in Sources */,
				83A8184422BB463D003E4631 /* MDProgressBar.swift in Sources */,
				83677E7B23E69CBB00433BD1 /* MHFiltersView.m in Sources */,
				83EE751523E55CD2000E4F1D /* MDFilter.swift in Sources */,
				8338680C22C3D26C006656D9 /* MDTrimViewController.swift in Sources */,
				8338680822C3D1FD006656D9 /* MDVideoGraffitiViewController.swift in Sources */,
				830A6E3A22BCDCC80002FB5A /* MDVideoEditorViewController.swift in Sources */,
				83677E7A23E69CBB00433BD1 /* MHCompleteBeautyView.m in Sources */,
				83677E6F23E69CBB00433BD1 /* MHPrintView.m in Sources */,
				83677E7323E69CBB00433BD1 /* MHSpecificEffectView.m in Sources */,
				83677E7E23E69CBB00433BD1 /* MHBeautyFaceView.m in Sources */,
				83669A9E23169A7E00B1A38D /* MDWordViewController.swift in Sources */,
			);
			runOnlyForDeploymentPostprocessing = 0;
		};
		8377D945234D798E00DD2DBF /* Sources */ = {
			isa = PBXSourcesBuildPhase;
			buildActionMask = 2147483647;
			files = (
				8377D94C234D798E00DD2DBF /* MovieousDemoTests.swift in Sources */,
			);
			runOnlyForDeploymentPostprocessing = 0;
		};
/* End PBXSourcesBuildPhase section */

/* Begin PBXTargetDependency section */
		8377D94F234D798E00DD2DBF /* PBXTargetDependency */ = {
			isa = PBXTargetDependency;
			target = 83445DDC225CD51E00A635F2 /* MovieousDemo */;
			targetProxy = 8377D94E234D798E00DD2DBF /* PBXContainerItemProxy */;
		};
/* End PBXTargetDependency section */

/* Begin PBXVariantGroup section */
		83445DE9225CD51F00A635F2 /* LaunchScreen.storyboard */ = {
			isa = PBXVariantGroup;
			children = (
				83445DEA225CD51F00A635F2 /* Base */,
				83A817F222B764D4003E4631 /* zh-Hans */,
			);
			name = LaunchScreen.storyboard;
			sourceTree = "<group>";
		};
		83A817CD22B5AE3C003E4631 /* Localizable.strings */ = {
			isa = PBXVariantGroup;
			children = (
				83A817CE22B5AE3C003E4631 /* Base */,
				83A817F322B764EF003E4631 /* zh-Hans */,
			);
			name = Localizable.strings;
			sourceTree = "<group>";
		};
/* End PBXVariantGroup section */

/* Begin XCBuildConfiguration section */
		83445DED225CD51F00A635F2 /* Debug */ = {
			isa = XCBuildConfiguration;
			buildSettings = {
				ALWAYS_SEARCH_USER_PATHS = NO;
				CLANG_ANALYZER_LOCALIZABILITY_NONLOCALIZED = YES;
				CLANG_ANALYZER_NONNULL = YES;
				CLANG_ANALYZER_NUMBER_OBJECT_CONVERSION = YES_AGGRESSIVE;
				CLANG_CXX_LANGUAGE_STANDARD = "gnu++14";
				CLANG_CXX_LIBRARY = "libc++";
				CLANG_ENABLE_MODULES = YES;
				CLANG_ENABLE_OBJC_ARC = YES;
				CLANG_ENABLE_OBJC_WEAK = YES;
				CLANG_WARN_BLOCK_CAPTURE_AUTORELEASING = YES;
				CLANG_WARN_BOOL_CONVERSION = YES;
				CLANG_WARN_COMMA = YES;
				CLANG_WARN_CONSTANT_CONVERSION = YES;
				CLANG_WARN_DEPRECATED_OBJC_IMPLEMENTATIONS = YES;
				CLANG_WARN_DIRECT_OBJC_ISA_USAGE = YES_ERROR;
				CLANG_WARN_DOCUMENTATION_COMMENTS = YES;
				CLANG_WARN_EMPTY_BODY = YES;
				CLANG_WARN_ENUM_CONVERSION = YES;
				CLANG_WARN_INFINITE_RECURSION = YES;
				CLANG_WARN_INT_CONVERSION = YES;
				CLANG_WARN_NON_LITERAL_NULL_CONVERSION = YES;
				CLANG_WARN_OBJC_IMPLICIT_RETAIN_SELF = YES;
				CLANG_WARN_OBJC_LITERAL_CONVERSION = YES;
				CLANG_WARN_OBJC_ROOT_CLASS = YES_ERROR;
				CLANG_WARN_RANGE_LOOP_ANALYSIS = YES;
				CLANG_WARN_STRICT_PROTOTYPES = YES;
				CLANG_WARN_SUSPICIOUS_MOVE = YES;
				CLANG_WARN_UNGUARDED_AVAILABILITY = YES_AGGRESSIVE;
				CLANG_WARN_UNREACHABLE_CODE = YES;
				CLANG_WARN__DUPLICATE_METHOD_MATCH = YES;
				CODE_SIGN_IDENTITY = "iPhone Developer";
				COPY_PHASE_STRIP = NO;
				DEBUG_INFORMATION_FORMAT = dwarf;
				ENABLE_STRICT_OBJC_MSGSEND = YES;
				ENABLE_TESTABILITY = YES;
				GCC_C_LANGUAGE_STANDARD = gnu11;
				GCC_DYNAMIC_NO_PIC = NO;
				GCC_NO_COMMON_BLOCKS = YES;
				GCC_OPTIMIZATION_LEVEL = 0;
				GCC_PREPROCESSOR_DEFINITIONS = (
					"DEBUG=1",
					"$(inherited)",
				);
				GCC_WARN_64_TO_32_BIT_CONVERSION = YES;
				GCC_WARN_ABOUT_RETURN_TYPE = YES_ERROR;
				GCC_WARN_UNDECLARED_SELECTOR = YES;
				GCC_WARN_UNINITIALIZED_AUTOS = YES_AGGRESSIVE;
				GCC_WARN_UNUSED_FUNCTION = YES;
				GCC_WARN_UNUSED_VARIABLE = YES;
				IPHONEOS_DEPLOYMENT_TARGET = 12.2;
				MTL_ENABLE_DEBUG_INFO = INCLUDE_SOURCE;
				MTL_FAST_MATH = YES;
				ONLY_ACTIVE_ARCH = YES;
				SDKROOT = iphoneos;
				SWIFT_ACTIVE_COMPILATION_CONDITIONS = DEBUG;
				SWIFT_OPTIMIZATION_LEVEL = "-Onone";
			};
			name = Debug;
		};
		83445DEE225CD51F00A635F2 /* Release */ = {
			isa = XCBuildConfiguration;
			buildSettings = {
				ALWAYS_SEARCH_USER_PATHS = NO;
				CLANG_ANALYZER_LOCALIZABILITY_NONLOCALIZED = YES;
				CLANG_ANALYZER_NONNULL = YES;
				CLANG_ANALYZER_NUMBER_OBJECT_CONVERSION = YES_AGGRESSIVE;
				CLANG_CXX_LANGUAGE_STANDARD = "gnu++14";
				CLANG_CXX_LIBRARY = "libc++";
				CLANG_ENABLE_MODULES = YES;
				CLANG_ENABLE_OBJC_ARC = YES;
				CLANG_ENABLE_OBJC_WEAK = YES;
				CLANG_WARN_BLOCK_CAPTURE_AUTORELEASING = YES;
				CLANG_WARN_BOOL_CONVERSION = YES;
				CLANG_WARN_COMMA = YES;
				CLANG_WARN_CONSTANT_CONVERSION = YES;
				CLANG_WARN_DEPRECATED_OBJC_IMPLEMENTATIONS = YES;
				CLANG_WARN_DIRECT_OBJC_ISA_USAGE = YES_ERROR;
				CLANG_WARN_DOCUMENTATION_COMMENTS = YES;
				CLANG_WARN_EMPTY_BODY = YES;
				CLANG_WARN_ENUM_CONVERSION = YES;
				CLANG_WARN_INFINITE_RECURSION = YES;
				CLANG_WARN_INT_CONVERSION = YES;
				CLANG_WARN_NON_LITERAL_NULL_CONVERSION = YES;
				CLANG_WARN_OBJC_IMPLICIT_RETAIN_SELF = YES;
				CLANG_WARN_OBJC_LITERAL_CONVERSION = YES;
				CLANG_WARN_OBJC_ROOT_CLASS = YES_ERROR;
				CLANG_WARN_RANGE_LOOP_ANALYSIS = YES;
				CLANG_WARN_STRICT_PROTOTYPES = YES;
				CLANG_WARN_SUSPICIOUS_MOVE = YES;
				CLANG_WARN_UNGUARDED_AVAILABILITY = YES_AGGRESSIVE;
				CLANG_WARN_UNREACHABLE_CODE = YES;
				CLANG_WARN__DUPLICATE_METHOD_MATCH = YES;
				CODE_SIGN_IDENTITY = "iPhone Developer";
				COPY_PHASE_STRIP = NO;
				DEBUG_INFORMATION_FORMAT = "dwarf-with-dsym";
				ENABLE_NS_ASSERTIONS = NO;
				ENABLE_STRICT_OBJC_MSGSEND = YES;
				GCC_C_LANGUAGE_STANDARD = gnu11;
				GCC_NO_COMMON_BLOCKS = YES;
				GCC_WARN_64_TO_32_BIT_CONVERSION = YES;
				GCC_WARN_ABOUT_RETURN_TYPE = YES_ERROR;
				GCC_WARN_UNDECLARED_SELECTOR = YES;
				GCC_WARN_UNINITIALIZED_AUTOS = YES_AGGRESSIVE;
				GCC_WARN_UNUSED_FUNCTION = YES;
				GCC_WARN_UNUSED_VARIABLE = YES;
				IPHONEOS_DEPLOYMENT_TARGET = 12.2;
				MTL_ENABLE_DEBUG_INFO = NO;
				MTL_FAST_MATH = YES;
				SDKROOT = iphoneos;
				SWIFT_COMPILATION_MODE = wholemodule;
				SWIFT_OPTIMIZATION_LEVEL = "-O";
				VALIDATE_PRODUCT = YES;
			};
			name = Release;
		};
		83445DF0225CD51F00A635F2 /* Debug */ = {
			isa = XCBuildConfiguration;
			baseConfigurationReference = E8B44E7B92AE3A0A3234B3AC /* Pods-MovieousDemo.debug.xcconfig */;
			buildSettings = {
				ASSETCATALOG_COMPILER_APPICON_NAME = AppIcon;
				CLANG_ENABLE_MODULES = YES;
				CODE_SIGN_IDENTITY = "Apple Development";
				CODE_SIGN_STYLE = Automatic;
				CURRENT_PROJECT_VERSION = 3;
				DEVELOPMENT_ASSET_PATHS = "";
				DEVELOPMENT_TEAM = 32SCWS77Q5;
				ENABLE_BITCODE = NO;
				FRAMEWORK_SEARCH_PATHS = (
					"$(inherited)",
					"$(PROJECT_DIR)/MovieousDemo/Vendor/TuSDK/TuSDK",
					"$(PROJECT_DIR)/MovieousDemo/Vendor/KiwiFaceSDK",
					"$(PROJECT_DIR)/MovieousDemo/Vendor/MHSDK/MHResources",
				);
				INFOPLIST_FILE = MovieousDemo/Info.plist;
				IPHONEOS_DEPLOYMENT_TARGET = 9.0;
				LD_RUNPATH_SEARCH_PATHS = (
					"$(inherited)",
					"@executable_path/Frameworks",
				);
				LIBRARY_SEARCH_PATHS = (
					"$(inherited)",
					"$(PROJECT_DIR)/MovieousDemo/Vendor/SenseTime/lib/ios_os",
					"$(PROJECT_DIR)/MovieousDemo/Vendor/SenseTime/lib/ios_sim",
					"$(PROJECT_DIR)/MovieousDemo/Vendor/KiwiFaceSDK/Tracker",
					"$(PROJECT_DIR)/MovieousDemo/Vendor/KiwiFaceSDK",
					"$(PROJECT_DIR)/MovieousDemo/Vendor/SenseTime/SenseArSourceService/lib/ios_universal",
				);
				OTHER_LDFLAGS = (
					"$(inherited)",
					"-ObjC",
					"-l\"iconv\"",
					"-l\"stdc++\"",
					"-l\"z\"",
					"-framework",
					"\"AVFoundation\"",
					"-framework",
					"\"Accelerate\"",
					"-framework",
					"\"CoreMedia\"",
					"-framework",
					"\"GPUImage\"",
					"-framework",
					"\"ImageIO\"",
					"-framework",
					"\"MJExtension\"",
					"-framework",
					"\"OpenGLES\"",
					"-framework",
					"\"QuartzCore\"",
					"-framework",
					"\"SDWebImage\"",
					"-framework",
					"\"SVProgressHUD\"",
					"-framework",
					"\"Security\"",
					"-framework",
					"\"SnapKit\"",
					"-framework",
					"\"UFileSDK\"",
					"-framework",
					"\"libwebp\"",
				);
				PRODUCT_BUNDLE_IDENTIFIER = video.movieous.MovieousDemo;
				PRODUCT_NAME = "$(TARGET_NAME)";
				PROVISIONING_PROFILE_SPECIFIER = "";
				SWIFT_OBJC_BRIDGING_HEADER = "MovieousDemo/MovieousDemo-Bridging-Header.h";
				SWIFT_OPTIMIZATION_LEVEL = "-Onone";
				SWIFT_VERSION = 5.0;
				TARGETED_DEVICE_FAMILY = 1;
			};
			name = Debug;
		};
		83445DF1225CD51F00A635F2 /* Release */ = {
			isa = XCBuildConfiguration;
			baseConfigurationReference = D25BFA71F0C963D311D209A0 /* Pods-MovieousDemo.release.xcconfig */;
			buildSettings = {
				ASSETCATALOG_COMPILER_APPICON_NAME = AppIcon;
				CLANG_ENABLE_MODULES = YES;
				CODE_SIGN_IDENTITY = "iPhone Distribution";
				CODE_SIGN_STYLE = Manual;
				CURRENT_PROJECT_VERSION = 3;
				DEVELOPMENT_ASSET_PATHS = "";
				DEVELOPMENT_TEAM = CFP9KY4MGC;
				ENABLE_BITCODE = NO;
				FRAMEWORK_SEARCH_PATHS = (
					"$(inherited)",
					"$(PROJECT_DIR)/MovieousDemo/Vendor/TuSDK/TuSDK",
					"$(PROJECT_DIR)/MovieousDemo/Vendor/KiwiFaceSDK",
					"$(PROJECT_DIR)/MovieousDemo/Vendor/MHSDK/MHResources",
				);
				INFOPLIST_FILE = MovieousDemo/Info.plist;
				IPHONEOS_DEPLOYMENT_TARGET = 9.0;
				LD_RUNPATH_SEARCH_PATHS = (
					"$(inherited)",
					"@executable_path/Frameworks",
				);
				LIBRARY_SEARCH_PATHS = (
					"$(inherited)",
					"$(PROJECT_DIR)/MovieousDemo/Vendor/SenseTime/lib/ios_os",
					"$(PROJECT_DIR)/MovieousDemo/Vendor/SenseTime/lib/ios_sim",
					"$(PROJECT_DIR)/MovieousDemo/Vendor/KiwiFaceSDK/Tracker",
					"$(PROJECT_DIR)/MovieousDemo/Vendor/KiwiFaceSDK",
					"$(PROJECT_DIR)/MovieousDemo/Vendor/SenseTime/SenseArSourceService/lib/ios_universal",
				);
				OTHER_LDFLAGS = (
					"$(inherited)",
					"-ObjC",
					"-l\"iconv\"",
					"-l\"stdc++\"",
					"-l\"z\"",
					"-framework",
					"\"AVFoundation\"",
					"-framework",
					"\"Accelerate\"",
					"-framework",
					"\"CoreMedia\"",
					"-framework",
					"\"GPUImage\"",
					"-framework",
					"\"ImageIO\"",
					"-framework",
					"\"MJExtension\"",
					"-framework",
					"\"OpenGLES\"",
					"-framework",
					"\"QuartzCore\"",
					"-framework",
					"\"SDWebImage\"",
					"-framework",
					"\"SVProgressHUD\"",
					"-framework",
					"\"Security\"",
					"-framework",
					"\"SnapKit\"",
					"-framework",
					"\"UFileSDK\"",
					"-framework",
					"\"libwebp\"",
				);
				PRODUCT_BUNDLE_IDENTIFIER = video.movieous.MovieousDemo;
				PRODUCT_NAME = "$(TARGET_NAME)";
				PROVISIONING_PROFILE_SPECIFIER = moviousDis;
				SWIFT_OBJC_BRIDGING_HEADER = "MovieousDemo/MovieousDemo-Bridging-Header.h";
				SWIFT_VERSION = 5.0;
				TARGETED_DEVICE_FAMILY = 1;
			};
			name = Release;
		};
		8377D950234D798E00DD2DBF /* Debug */ = {
			isa = XCBuildConfiguration;
			baseConfigurationReference = 6FED65F32E13375C13ED53AA /* Pods-MovieousDemoTests.debug.xcconfig */;
			buildSettings = {
				BUNDLE_LOADER = "$(TEST_HOST)";
				CODE_SIGN_STYLE = Automatic;
				DEVELOPMENT_TEAM = 32SCWS77Q5;
				INFOPLIST_FILE = MovieousDemoTests/Info.plist;
				IPHONEOS_DEPLOYMENT_TARGET = 13.1;
				LD_RUNPATH_SEARCH_PATHS = (
					"$(inherited)",
					"@executable_path/Frameworks",
					"@loader_path/Frameworks",
				);
				PRODUCT_BUNDLE_IDENTIFIER = video.movieous.MovieousDemoTests;
				PRODUCT_NAME = "$(TARGET_NAME)";
				SWIFT_VERSION = 5.0;
				TARGETED_DEVICE_FAMILY = "1,2";
				TEST_HOST = "$(BUILT_PRODUCTS_DIR)/MovieousDemo.app/MovieousDemo";
			};
			name = Debug;
		};
		8377D951234D798E00DD2DBF /* Release */ = {
			isa = XCBuildConfiguration;
			baseConfigurationReference = 7E640932A10819AB7C18AA10 /* Pods-MovieousDemoTests.release.xcconfig */;
			buildSettings = {
				BUNDLE_LOADER = "$(TEST_HOST)";
				CODE_SIGN_STYLE = Automatic;
				DEVELOPMENT_TEAM = 32SCWS77Q5;
				INFOPLIST_FILE = MovieousDemoTests/Info.plist;
				IPHONEOS_DEPLOYMENT_TARGET = 13.1;
				LD_RUNPATH_SEARCH_PATHS = (
					"$(inherited)",
					"@executable_path/Frameworks",
					"@loader_path/Frameworks",
				);
				PRODUCT_BUNDLE_IDENTIFIER = video.movieous.MovieousDemoTests;
				PRODUCT_NAME = "$(TARGET_NAME)";
				SWIFT_VERSION = 5.0;
				TARGETED_DEVICE_FAMILY = "1,2";
				TEST_HOST = "$(BUILT_PRODUCTS_DIR)/MovieousDemo.app/MovieousDemo";
			};
			name = Release;
		};
/* End XCBuildConfiguration section */

/* Begin XCConfigurationList section */
		83445DD8225CD51E00A635F2 /* Build configuration list for PBXProject "MovieousDemo" */ = {
			isa = XCConfigurationList;
			buildConfigurations = (
				83445DED225CD51F00A635F2 /* Debug */,
				83445DEE225CD51F00A635F2 /* Release */,
			);
			defaultConfigurationIsVisible = 0;
			defaultConfigurationName = Release;
		};
		83445DEF225CD51F00A635F2 /* Build configuration list for PBXNativeTarget "MovieousDemo" */ = {
			isa = XCConfigurationList;
			buildConfigurations = (
				83445DF0225CD51F00A635F2 /* Debug */,
				83445DF1225CD51F00A635F2 /* Release */,
			);
			defaultConfigurationIsVisible = 0;
			defaultConfigurationName = Release;
		};
		8377D958234D798E00DD2DBF /* Build configuration list for PBXNativeTarget "MovieousDemoTests" */ = {
			isa = XCConfigurationList;
			buildConfigurations = (
				8377D950234D798E00DD2DBF /* Debug */,
				8377D951234D798E00DD2DBF /* Release */,
			);
			defaultConfigurationIsVisible = 0;
			defaultConfigurationName = Release;
		};
/* End XCConfigurationList section */
	};
	rootObject = 83445DD5225CD51E00A635F2 /* Project object */;
}
