PODS:
  - GPUImage (0.1.7)
  - libwebp (1.0.3):
    - libwebp/demux (= 1.0.3)
    - libwebp/mux (= 1.0.3)
    - libwebp/webp (= 1.0.3)
  - libwebp/demux (1.0.3):
    - libwebp/webp
  - libwebp/mux (1.0.3):
    - libwebp/demux
  - libwebp/webp (1.0.3)
  - MJExtension (3.0.17)
  - MovieousBase-CN (1.1.9)
  - MovieousPlayer-CN (1.0.8)
  - MovieousShortVideo-CN (2.2.21):
    - MovieousBase-CN (~> 1.1.9)
  - Nama (6.2.0)
  - SDWebImage/Core (4.4.7)
  - SDWebImage/WebP (4.4.7):
    - libwebp (< 2.0, >= 0.5)
    - SDWebImage/Core
  - SSZipArchive (2.2.2)
  - SVProgressHUD (2.2.5)
  - UFileSDK (3.0.5)

DEPENDENCIES:
  - GPUImage (= 0.1.7)
  - MJExtension (= 3.0.17)
  - MovieousPlayer-CN (= 1.0.8)
  - MovieousShortVideo-CN (= 2.2.21)
  - Nama (= 6.2.0)
  - SDWebImage/WebP (= 4.4.7)
  - SSZipArchive (= 2.2.2)
  - SVProgressHUD (= 2.2.5)
  - UFileSDK (= 3.0.5)

SPEC REPOS:
  trunk:
    - GPUImage
    - libwebp
    - MJExtension
    - MovieousBase-CN
    - MovieousPlayer-CN
    - MovieousShortVideo-CN
    - Nama
    - SDWebImage
    - SSZipArchive
    - SVProgressHUD
    - UFileSDK

SPEC CHECKSUMS:
  GPUImage: 733a5f0fab92df9de1c37ba9df520a833ccb406d
  libwebp: 057912d6d0abfb6357d8bb05c0ea470301f5d61e
  MJExtension: 74ec83124a68891619fb7ba9c5c811bbf1691076
  MovieousBase-CN: 338fd833c86d57ee4a3468ed83ea2cbd911079ff
  MovieousPlayer-CN: abda0ee298ddc0755e6f4e80a263191bca936349
  MovieousShortVideo-CN: 3bf5781a728ae76f27b93e26f7b7ac7c5ae8ac0a
  Nama: e4cb4740a4529fa9da10ed36a4fe250374b7c947
  SDWebImage: c10d14a8883ebd89664f02a422006f66a85c0c5d
  SSZipArchive: fa16b8cc4cdeceb698e5e5d9f67e9558532fbf23
  SVProgressHUD: 1428aafac632c1f86f62aa4243ec12008d7a51d6
  UFileSDK: e4f10dcf30bd8792194e49e4299670fa2b3ed731

PODFILE CHECKSUM: d37eeef1328ecb9b09e7c4a8e389e35db0620e53

COCOAPODS: 1.8.4
