PODS:
  - AFNetworking (3.2.1):
    - AFNetworking/NSURLSession (= 3.2.1)
    - AFNetworking/Reachability (= 3.2.1)
    - AFNetworking/Security (= 3.2.1)
    - AFNetworking/Serialization (= 3.2.1)
    - AFNetworking/UIKit (= 3.2.1)
  - AFNetworking/NSURLSession (3.2.1):
    - AFNetworking/Reachability
    - AFNetworking/Security
    - AFNetworking/Serialization
  - AFNetworking/Reachability (3.2.1)
  - AFNetworking/Security (3.2.1)
  - AFNetworking/Serialization (3.2.1)
  - AFNetworking/UIKit (3.2.1):
    - AFNetworking/NSURLSession
  - libwebp (0.6.1):
    - libwebp/core (= 0.6.1)
    - libwebp/dec (= 0.6.1)
    - libwebp/demux (= 0.6.1)
    - libwebp/dsp (= 0.6.1)
    - libwebp/enc (= 0.6.1)
    - libwebp/mux (= 0.6.1)
    - libwebp/utils (= 0.6.1)
    - libwebp/webp (= 0.6.1)
  - libwebp/core (0.6.1):
    - libwebp/webp
  - libwebp/dec (0.6.1):
    - libwebp/core
  - libwebp/demux (0.6.1):
    - libwebp/core
  - libwebp/dsp (0.6.1):
    - libwebp/core
  - libwebp/enc (0.6.1):
    - libwebp/core
  - libwebp/mux (0.6.1):
    - libwebp/core
  - libwebp/utils (0.6.1):
    - libwebp/core
  - libwebp/webp (0.6.1)
  - MovieousBase (1.0.1)
  - MovieousPlayer (1.0.2)
  - MovieousShortVideo (2.0.1):
    - MovieousBase (= 1.0.1)
  - Nama (5.6.1)
  - SDWebImage/Core (4.4.5)
  - SDWebImage/WebP (4.4.5):
    - libwebp (~> 0.5)
    - SDWebImage/Core
  - SVProgressHUD (2.2.5)
  - UFileSDK (3.0.4)

DEPENDENCIES:
  - AFNetworking (= 3.2.1)
  - MovieousPlayer (= 1.0.2)
  - MovieousShortVideo (= 2.0.1)
  - Nama (= 5.6.1)
  - SDWebImage/WebP (= 4.4.5)
  - SVProgressHUD (= 2.2.5)
  - UFileSDK (= 3.0.4)

SPEC REPOS:
  https://github.com/cocoapods/specs.git:
    - AFNetworking
    - libwebp
    - MovieousBase
    - MovieousPlayer
    - MovieousShortVideo
    - Nama
    - SDWebImage
    - SVProgressHUD
    - UFileSDK

SPEC CHECKSUMS:
  AFNetworking: b6f891fdfaed196b46c7a83cf209e09697b94057
  libwebp: 0f01098c6c17175391af621b2f14150f3ca16e16
  MovieousBase: 89794f000c136cc1429d96c9de58591f16999802
  MovieousPlayer: ab5a1bd361e773632dec3e121f381e2cc3b03573
  MovieousShortVideo: c3c6ba7d535719023972feac01309ec13e08b46c
  Nama: 87ac5b70f48042ebc57c4cc7cdb2184c12f00b6e
  SDWebImage: ecc03494e973b93b80213649d32175f8d2d17d4d
  SVProgressHUD: 1428aafac632c1f86f62aa4243ec12008d7a51d6
  UFileSDK: 29f605c58e829e8da7f68055ff3d9f19099b1e60

PODFILE CHECKSUM: d15b9f133cc6bb16f9601e1b71674266cef84b6c

COCOAPODS: 1.6.1
